
Microsoft Visual Studio Solution File, Format Version 12.00
# Visual Studio Version 17
VisualStudioVersion = 17.2.32630.192
MinimumVisualStudioVersion = 10.0.40219.1
Project("{9A19103F-16F7-4668-BE54-9A1E7A4F7556}") = "ex00226. Invert Binary Tree", "ex00226. Invert Binary Tree\ex00226. Invert Binary Tree.csproj", "{AC0D8A5E-9671-49F1-BC19-452B248FA271}"
EndProject
Project("{9A19103F-16F7-4668-BE54-9A1E7A4F7556}") = "LeetCode.Core", "LeetCode.Core\LeetCode.Core.csproj", "{343ADC15-086E-4271-B88F-438E9C5CCC7E}"
EndProject
Project("{9A19103F-16F7-4668-BE54-9A1E7A4F7556}") = "ex00104. Maximum Depth of Binary Tree", "ex00104. Maximum Depth of Binary Tree\ex00104. Maximum Depth of Binary Tree.csproj", "{AC26418D-ED77-4245-B49B-6FB6A3EA418B}"
EndProject
Project("{9A19103F-16F7-4668-BE54-9A1E7A4F7556}") = "ex00102. Binary Tree Level Order Traversal", "ex00102. Binary Tree Level Order Traversal\ex00102. Binary Tree Level Order Traversal.csproj", "{5052270A-B4F0-426C-984F-8ACDF4D92A39}"
EndProject
Project("{9A19103F-16F7-4668-BE54-9A1E7A4F7556}") = "ex00230. Kth Smallest Element in a BST", "ex00230. Kth Smallest Element in a BST\ex00230. Kth Smallest Element in a BST.csproj", "{A96290A3-EB3E-4D92-9C77-566A08006389}"
EndProject
Project("{9A19103F-16F7-4668-BE54-9A1E7A4F7556}") = "Binary Tree Traversal", "Binary Tree Traversal\Binary Tree Traversal.csproj", "{FA425114-05F6-4E91-9F40-C865276E35DD}"
EndProject
Project("{9A19103F-16F7-4668-BE54-9A1E7A4F7556}") = "ex00232. Implement Queue using Stacks", "ex00232. Implement Queue using Stacks\ex00232. Implement Queue using Stacks.csproj", "{E9121AB5-EC55-4893-B336-C4C7EE48DAC3}"
EndProject
Project("{9A19103F-16F7-4668-BE54-9A1E7A4F7556}") = "ex06265. Count Pairs Of Similar Strings", "ex06265. Count Pairs Of Similar Strings\ex06265. Count Pairs Of Similar Strings.csproj", "{72CDB790-C5EF-4AB1-B543-3EDBB594FAE3}"
EndProject
Project("{9A19103F-16F7-4668-BE54-9A1E7A4F7556}") = "ex06266. Smallest Value After Replacing With Sum of Prime Factors", "ex06266. Smallest Value After Replacing With Sum of Prime Factors\ex06266. Smallest Value After Replacing With Sum of Prime Factors.csproj", "{2B3C83D5-0C61-421F-B9C1-C1C6E982B7DE}"
EndProject
Project("{9A19103F-16F7-4668-BE54-9A1E7A4F7556}") = "ex02508. Add Edges to Make Degrees of All Nodes Even", "ex02508. Add Edges to Make Degrees of All Nodes Even\ex02508. Add Edges to Make Degrees of All Nodes Even.csproj", "{53B96BB9-D93F-4EFC-8184-EB2792FD8576}"
EndProject
Project("{9A19103F-16F7-4668-BE54-9A1E7A4F7556}") = "ex00450. Delete Node in a BST", "ex00450. Delete Node in a BST\ex00450. Delete Node in a BST.csproj", "{68370F86-D59C-4B08-A10C-036524700E9B}"
EndProject
Project("{9A19103F-16F7-4668-BE54-9A1E7A4F7556}") = "ex00098. Validate Binary Search Treee", "ex00098. Validate Binary Search Treee\ex00098. Validate Binary Search Treee.csproj", "{3E9B4EB4-C75D-483C-83FA-AB2035091C02}"
EndProject
Project("{9A19103F-16F7-4668-BE54-9A1E7A4F7556}") = "ex00572. Subtree of Another Tree", "ex00572. Subtree of Another Tree\ex00572. Subtree of Another Tree.csproj", "{CD534E15-05BE-4B0D-B1A1-52ABC32125FE}"
EndProject
Project("{9A19103F-16F7-4668-BE54-9A1E7A4F7556}") = "ex00110. Balanced Binary Tree", "ex00110. Balanced Binary Tree\ex00110. Balanced Binary Tree.csproj", "{EE97744A-5852-47D5-96C2-C4AFF6F828F0}"
EndProject
Project("{9A19103F-16F7-4668-BE54-9A1E7A4F7556}") = "ex01325. Delete Leaves With a Given Value", "ex01325. Delete Leaves With a Given Value\ex01325. Delete Leaves With a Given Value.csproj", "{FA944CDC-F660-49B4-8193-BAA9379CF786}"
EndProject
Project("{9A19103F-16F7-4668-BE54-9A1E7A4F7556}") = "ex00105. Construct Binary Tree from Preorder and Inorder Traversal", "ex00105. Construct Binary Tree from Preorder and Inorder Traversal\ex00105. Construct Binary Tree from Preorder and Inorder Traversal.csproj", "{5D824966-1FCC-43DA-BB73-C5433B4AAD59}"
EndProject
Project("{FAE04EC0-301F-11D3-BF4B-00C04F79EFBC}") = "ex00125. Valid Palindrome", "ex00125. Valid Palindrome\ex00125. Valid Palindrome.csproj", "{A900AE35-6AF2-46DC-B519-5FAE20F4DCCA}"
EndProject
Project("{FAE04EC0-301F-11D3-BF4B-00C04F79EFBC}") = "ex00167. Two Sum II - Input Array Is Sorted", "ex00167. Two Sum II - Input Array Is Sorted\ex00167. Two Sum II - Input Array Is Sorted.csproj", "{A546B6AC-00C1-48D6-84C8-5927DE2BEB1F}"
EndProject
Project("{FAE04EC0-301F-11D3-BF4B-00C04F79EFBC}") = "ex00015. 3Sum", "ex00015. 3Sum\ex00015. 3Sum.csproj", "{6F9F1943-B9D8-4103-AF4A-A23F68198943}"
EndProject
Global
	GlobalSection(SolutionConfigurationPlatforms) = preSolution
		Debug|Any CPU = Debug|Any CPU
		Release|Any CPU = Release|Any CPU
	EndGlobalSection
	GlobalSection(ProjectConfigurationPlatforms) = postSolution
		{AC0D8A5E-9671-49F1-BC19-452B248FA271}.Debug|Any CPU.ActiveCfg = Debug|Any CPU
		{AC0D8A5E-9671-49F1-BC19-452B248FA271}.Debug|Any CPU.Build.0 = Debug|Any CPU
		{AC0D8A5E-9671-49F1-BC19-452B248FA271}.Release|Any CPU.ActiveCfg = Release|Any CPU
		{AC0D8A5E-9671-49F1-BC19-452B248FA271}.Release|Any CPU.Build.0 = Release|Any CPU
		{343ADC15-086E-4271-B88F-438E9C5CCC7E}.Debug|Any CPU.ActiveCfg = Debug|Any CPU
		{343ADC15-086E-4271-B88F-438E9C5CCC7E}.Debug|Any CPU.Build.0 = Debug|Any CPU
		{343ADC15-086E-4271-B88F-438E9C5CCC7E}.Release|Any CPU.ActiveCfg = Release|Any CPU
		{343ADC15-086E-4271-B88F-438E9C5CCC7E}.Release|Any CPU.Build.0 = Release|Any CPU
		{AC26418D-ED77-4245-B49B-6FB6A3EA418B}.Debug|Any CPU.ActiveCfg = Debug|Any CPU
		{AC26418D-ED77-4245-B49B-6FB6A3EA418B}.Debug|Any CPU.Build.0 = Debug|Any CPU
		{AC26418D-ED77-4245-B49B-6FB6A3EA418B}.Release|Any CPU.ActiveCfg = Release|Any CPU
		{AC26418D-ED77-4245-B49B-6FB6A3EA418B}.Release|Any CPU.Build.0 = Release|Any CPU
		{5052270A-B4F0-426C-984F-8ACDF4D92A39}.Debug|Any CPU.ActiveCfg = Debug|Any CPU
		{5052270A-B4F0-426C-984F-8ACDF4D92A39}.Debug|Any CPU.Build.0 = Debug|Any CPU
		{5052270A-B4F0-426C-984F-8ACDF4D92A39}.Release|Any CPU.ActiveCfg = Release|Any CPU
		{5052270A-B4F0-426C-984F-8ACDF4D92A39}.Release|Any CPU.Build.0 = Release|Any CPU
		{A96290A3-EB3E-4D92-9C77-566A08006389}.Debug|Any CPU.ActiveCfg = Debug|Any CPU
		{A96290A3-EB3E-4D92-9C77-566A08006389}.Debug|Any CPU.Build.0 = Debug|Any CPU
		{A96290A3-EB3E-4D92-9C77-566A08006389}.Release|Any CPU.ActiveCfg = Release|Any CPU
		{A96290A3-EB3E-4D92-9C77-566A08006389}.Release|Any CPU.Build.0 = Release|Any CPU
		{FA425114-05F6-4E91-9F40-C865276E35DD}.Debug|Any CPU.ActiveCfg = Debug|Any CPU
		{FA425114-05F6-4E91-9F40-C865276E35DD}.Debug|Any CPU.Build.0 = Debug|Any CPU
		{FA425114-05F6-4E91-9F40-C865276E35DD}.Release|Any CPU.ActiveCfg = Release|Any CPU
		{FA425114-05F6-4E91-9F40-C865276E35DD}.Release|Any CPU.Build.0 = Release|Any CPU
		{E9121AB5-EC55-4893-B336-C4C7EE48DAC3}.Debug|Any CPU.ActiveCfg = Debug|Any CPU
		{E9121AB5-EC55-4893-B336-C4C7EE48DAC3}.Debug|Any CPU.Build.0 = Debug|Any CPU
		{E9121AB5-EC55-4893-B336-C4C7EE48DAC3}.Release|Any CPU.ActiveCfg = Release|Any CPU
		{E9121AB5-EC55-4893-B336-C4C7EE48DAC3}.Release|Any CPU.Build.0 = Release|Any CPU
		{72CDB790-C5EF-4AB1-B543-3EDBB594FAE3}.Debug|Any CPU.ActiveCfg = Debug|Any CPU
		{72CDB790-C5EF-4AB1-B543-3EDBB594FAE3}.Debug|Any CPU.Build.0 = Debug|Any CPU
		{72CDB790-C5EF-4AB1-B543-3EDBB594FAE3}.Release|Any CPU.ActiveCfg = Release|Any CPU
		{72CDB790-C5EF-4AB1-B543-3EDBB594FAE3}.Release|Any CPU.Build.0 = Release|Any CPU
		{2B3C83D5-0C61-421F-B9C1-C1C6E982B7DE}.Debug|Any CPU.ActiveCfg = Debug|Any CPU
		{2B3C83D5-0C61-421F-B9C1-C1C6E982B7DE}.Debug|Any CPU.Build.0 = Debug|Any CPU
		{2B3C83D5-0C61-421F-B9C1-C1C6E982B7DE}.Release|Any CPU.ActiveCfg = Release|Any CPU
		{2B3C83D5-0C61-421F-B9C1-C1C6E982B7DE}.Release|Any CPU.Build.0 = Release|Any CPU
		{53B96BB9-D93F-4EFC-8184-EB2792FD8576}.Debug|Any CPU.ActiveCfg = Debug|Any CPU
		{53B96BB9-D93F-4EFC-8184-EB2792FD8576}.Debug|Any CPU.Build.0 = Debug|Any CPU
		{53B96BB9-D93F-4EFC-8184-EB2792FD8576}.Release|Any CPU.ActiveCfg = Release|Any CPU
		{53B96BB9-D93F-4EFC-8184-EB2792FD8576}.Release|Any CPU.Build.0 = Release|Any CPU
		{68370F86-D59C-4B08-A10C-036524700E9B}.Debug|Any CPU.ActiveCfg = Debug|Any CPU
		{68370F86-D59C-4B08-A10C-036524700E9B}.Debug|Any CPU.Build.0 = Debug|Any CPU
		{68370F86-D59C-4B08-A10C-036524700E9B}.Release|Any CPU.ActiveCfg = Release|Any CPU
		{68370F86-D59C-4B08-A10C-036524700E9B}.Release|Any CPU.Build.0 = Release|Any CPU
		{3E9B4EB4-C75D-483C-83FA-AB2035091C02}.Debug|Any CPU.ActiveCfg = Debug|Any CPU
		{3E9B4EB4-C75D-483C-83FA-AB2035091C02}.Debug|Any CPU.Build.0 = Debug|Any CPU
		{3E9B4EB4-C75D-483C-83FA-AB2035091C02}.Release|Any CPU.ActiveCfg = Release|Any CPU
		{3E9B4EB4-C75D-483C-83FA-AB2035091C02}.Release|Any CPU.Build.0 = Release|Any CPU
		{CD534E15-05BE-4B0D-B1A1-52ABC32125FE}.Debug|Any CPU.ActiveCfg = Debug|Any CPU
		{CD534E15-05BE-4B0D-B1A1-52ABC32125FE}.Debug|Any CPU.Build.0 = Debug|Any CPU
		{CD534E15-05BE-4B0D-B1A1-52ABC32125FE}.Release|Any CPU.ActiveCfg = Release|Any CPU
		{CD534E15-05BE-4B0D-B1A1-52ABC32125FE}.Release|Any CPU.Build.0 = Release|Any CPU
		{EE97744A-5852-47D5-96C2-C4AFF6F828F0}.Debug|Any CPU.ActiveCfg = Debug|Any CPU
		{EE97744A-5852-47D5-96C2-C4AFF6F828F0}.Debug|Any CPU.Build.0 = Debug|Any CPU
		{EE97744A-5852-47D5-96C2-C4AFF6F828F0}.Release|Any CPU.ActiveCfg = Release|Any CPU
		{EE97744A-5852-47D5-96C2-C4AFF6F828F0}.Release|Any CPU.Build.0 = Release|Any CPU
		{FA944CDC-F660-49B4-8193-BAA9379CF786}.Debug|Any CPU.ActiveCfg = Debug|Any CPU
		{FA944CDC-F660-49B4-8193-BAA9379CF786}.Debug|Any CPU.Build.0 = Debug|Any CPU
		{FA944CDC-F660-49B4-8193-BAA9379CF786}.Release|Any CPU.ActiveCfg = Release|Any CPU
		{FA944CDC-F660-49B4-8193-BAA9379CF786}.Release|Any CPU.Build.0 = Release|Any CPU
		{5D824966-1FCC-43DA-BB73-C5433B4AAD59}.Debug|Any CPU.ActiveCfg = Debug|Any CPU
		{5D824966-1FCC-43DA-BB73-C5433B4AAD59}.Debug|Any CPU.Build.0 = Debug|Any CPU
		{5D824966-1FCC-43DA-BB73-C5433B4AAD59}.Release|Any CPU.ActiveCfg = Release|Any CPU
		{5D824966-1FCC-43DA-BB73-C5433B4AAD59}.Release|Any CPU.Build.0 = Release|Any CPU
		{A900AE35-6AF2-46DC-B519-5FAE20F4DCCA}.Debug|Any CPU.ActiveCfg = Debug|Any CPU
		{A900AE35-6AF2-46DC-B519-5FAE20F4DCCA}.Debug|Any CPU.Build.0 = Debug|Any CPU
		{A900AE35-6AF2-46DC-B519-5FAE20F4DCCA}.Release|Any CPU.ActiveCfg = Release|Any CPU
		{A900AE35-6AF2-46DC-B519-5FAE20F4DCCA}.Release|Any CPU.Build.0 = Release|Any CPU
		{A546B6AC-00C1-48D6-84C8-5927DE2BEB1F}.Debug|Any CPU.ActiveCfg = Debug|Any CPU
		{A546B6AC-00C1-48D6-84C8-5927DE2BEB1F}.Debug|Any CPU.Build.0 = Debug|Any CPU
		{A546B6AC-00C1-48D6-84C8-5927DE2BEB1F}.Release|Any CPU.ActiveCfg = Release|Any CPU
		{A546B6AC-00C1-48D6-84C8-5927DE2BEB1F}.Release|Any CPU.Build.0 = Release|Any CPU
		{6F9F1943-B9D8-4103-AF4A-A23F68198943}.Debug|Any CPU.ActiveCfg = Debug|Any CPU
		{6F9F1943-B9D8-4103-AF4A-A23F68198943}.Debug|Any CPU.Build.0 = Debug|Any CPU
		{6F9F1943-B9D8-4103-AF4A-A23F68198943}.Release|Any CPU.ActiveCfg = Release|Any CPU
		{6F9F1943-B9D8-4103-AF4A-A23F68198943}.Release|Any CPU.Build.0 = Release|Any CPU
	EndGlobalSection
	GlobalSection(SolutionProperties) = preSolution
		HideSolutionNode = FALSE
	EndGlobalSection
	GlobalSection(ExtensibilityGlobals) = postSolution
		SolutionGuid = {AD1EA922-271E-4C3C-AEB1-8451343A5208}
	EndGlobalSection
EndGlobal
