
Microsoft Visual Studio Solution File, Format Version 12.00
# Visual Studio Version 17
VisualStudioVersion = 17.2.32630.192
MinimumVisualStudioVersion = 10.0.40219.1
Project("{9A19103F-16F7-4668-BE54-9A1E7A4F7556}") = "ex00226. Invert Binary Tree", "ex00226. Invert Binary Tree\ex00226. Invert Binary Tree.csproj", "{AC0D8A5E-9671-49F1-BC19-452B248FA271}"
EndProject
Project("{9A19103F-16F7-4668-BE54-9A1E7A4F7556}") = "LeetCode.Core", "LeetCode.Core\LeetCode.Core.csproj", "{343ADC15-086E-4271-B88F-438E9C5CCC7E}"
EndProject
Project("{9A19103F-16F7-4668-BE54-9A1E7A4F7556}") = "ex00104. Maximum Depth of Binary Tree", "ex00104. Maximum Depth of Binary Tree\ex00104. Maximum Depth of Binary Tree.csproj", "{AC26418D-ED77-4245-B49B-6FB6A3EA418B}"
EndProject
Project("{9A19103F-16F7-4668-BE54-9A1E7A4F7556}") = "ex00102. Binary Tree Level Order Traversal", "ex00102. Binary Tree Level Order Traversal\ex00102. Binary Tree Level Order Traversal.csproj", "{5052270A-B4F0-426C-984F-8ACDF4D92A39}"
EndProject
Project("{9A19103F-16F7-4668-BE54-9A1E7A4F7556}") = "ex0098. Validate Binary Search Treee", "ex0098. Validate Binary Search Treee\ex0098. Validate Binary Search Treee.csproj", "{637CF44C-5F48-4D13-A3C0-637E8ED44646}"
EndProject
Project("{9A19103F-16F7-4668-BE54-9A1E7A4F7556}") = "ex00230. Kth Smallest Element in a BST", "ex00230. Kth Smallest Element in a BST\ex00230. Kth Smallest Element in a BST.csproj", "{A96290A3-EB3E-4D92-9C77-566A08006389}"
EndProject
Project("{9A19103F-16F7-4668-BE54-9A1E7A4F7556}") = "Binary Tree Traversal", "Binary Tree Traversal\Binary Tree Traversal.csproj", "{FA425114-05F6-4E91-9F40-C865276E35DD}"
EndProject
Project("{FAE04EC0-301F-11D3-BF4B-00C04F79EFBC}") = "ex00232. Implement Queue using Stacks", "ex00232. Implement Queue using Stacks\ex00232. Implement Queue using Stacks.csproj", "{E9121AB5-EC55-4893-B336-C4C7EE48DAC3}"
EndProject
Global
	GlobalSection(SolutionConfigurationPlatforms) = preSolution
		Debug|Any CPU = Debug|Any CPU
		Release|Any CPU = Release|Any CPU
	EndGlobalSection
	GlobalSection(ProjectConfigurationPlatforms) = postSolution
		{AC0D8A5E-9671-49F1-BC19-452B248FA271}.Debug|Any CPU.ActiveCfg = Debug|Any CPU
		{AC0D8A5E-9671-49F1-BC19-452B248FA271}.Debug|Any CPU.Build.0 = Debug|Any CPU
		{AC0D8A5E-9671-49F1-BC19-452B248FA271}.Release|Any CPU.ActiveCfg = Release|Any CPU
		{AC0D8A5E-9671-49F1-BC19-452B248FA271}.Release|Any CPU.Build.0 = Release|Any CPU
		{343ADC15-086E-4271-B88F-438E9C5CCC7E}.Debug|Any CPU.ActiveCfg = Debug|Any CPU
		{343ADC15-086E-4271-B88F-438E9C5CCC7E}.Debug|Any CPU.Build.0 = Debug|Any CPU
		{343ADC15-086E-4271-B88F-438E9C5CCC7E}.Release|Any CPU.ActiveCfg = Release|Any CPU
		{343ADC15-086E-4271-B88F-438E9C5CCC7E}.Release|Any CPU.Build.0 = Release|Any CPU
		{AC26418D-ED77-4245-B49B-6FB6A3EA418B}.Debug|Any CPU.ActiveCfg = Debug|Any CPU
		{AC26418D-ED77-4245-B49B-6FB6A3EA418B}.Debug|Any CPU.Build.0 = Debug|Any CPU
		{AC26418D-ED77-4245-B49B-6FB6A3EA418B}.Release|Any CPU.ActiveCfg = Release|Any CPU
		{AC26418D-ED77-4245-B49B-6FB6A3EA418B}.Release|Any CPU.Build.0 = Release|Any CPU
		{5052270A-B4F0-426C-984F-8ACDF4D92A39}.Debug|Any CPU.ActiveCfg = Debug|Any CPU
		{5052270A-B4F0-426C-984F-8ACDF4D92A39}.Debug|Any CPU.Build.0 = Debug|Any CPU
		{5052270A-B4F0-426C-984F-8ACDF4D92A39}.Release|Any CPU.ActiveCfg = Release|Any CPU
		{5052270A-B4F0-426C-984F-8ACDF4D92A39}.Release|Any CPU.Build.0 = Release|Any CPU
		{637CF44C-5F48-4D13-A3C0-637E8ED44646}.Debug|Any CPU.ActiveCfg = Debug|Any CPU
		{637CF44C-5F48-4D13-A3C0-637E8ED44646}.Debug|Any CPU.Build.0 = Debug|Any CPU
		{637CF44C-5F48-4D13-A3C0-637E8ED44646}.Release|Any CPU.ActiveCfg = Release|Any CPU
		{637CF44C-5F48-4D13-A3C0-637E8ED44646}.Release|Any CPU.Build.0 = Release|Any CPU
		{A96290A3-EB3E-4D92-9C77-566A08006389}.Debug|Any CPU.ActiveCfg = Debug|Any CPU
		{A96290A3-EB3E-4D92-9C77-566A08006389}.Debug|Any CPU.Build.0 = Debug|Any CPU
		{A96290A3-EB3E-4D92-9C77-566A08006389}.Release|Any CPU.ActiveCfg = Release|Any CPU
		{A96290A3-EB3E-4D92-9C77-566A08006389}.Release|Any CPU.Build.0 = Release|Any CPU
		{FA425114-05F6-4E91-9F40-C865276E35DD}.Debug|Any CPU.ActiveCfg = Debug|Any CPU
		{FA425114-05F6-4E91-9F40-C865276E35DD}.Debug|Any CPU.Build.0 = Debug|Any CPU
		{FA425114-05F6-4E91-9F40-C865276E35DD}.Release|Any CPU.ActiveCfg = Release|Any CPU
		{FA425114-05F6-4E91-9F40-C865276E35DD}.Release|Any CPU.Build.0 = Release|Any CPU
		{E9121AB5-EC55-4893-B336-C4C7EE48DAC3}.Debug|Any CPU.ActiveCfg = Debug|Any CPU
		{E9121AB5-EC55-4893-B336-C4C7EE48DAC3}.Debug|Any CPU.Build.0 = Debug|Any CPU
		{E9121AB5-EC55-4893-B336-C4C7EE48DAC3}.Release|Any CPU.ActiveCfg = Release|Any CPU
		{E9121AB5-EC55-4893-B336-C4C7EE48DAC3}.Release|Any CPU.Build.0 = Release|Any CPU
	EndGlobalSection
	GlobalSection(SolutionProperties) = preSolution
		HideSolutionNode = FALSE
	EndGlobalSection
	GlobalSection(ExtensibilityGlobals) = postSolution
		SolutionGuid = {AD1EA922-271E-4C3C-AEB1-8451343A5208}
	EndGlobalSection
EndGlobal
