
Microsoft Visual Studio Solution File, Format Version 12.00
# Visual Studio Version 17
VisualStudioVersion = 17.2.32630.192
MinimumVisualStudioVersion = 10.0.40219.1
Project("{9A19103F-16F7-4668-BE54-9A1E7A4F7556}") = "ex00226. Invert Binary Tree", "ex00226. Invert Binary Tree\ex00226. Invert Binary Tree.csproj", "{AC0D8A5E-9671-49F1-BC19-452B248FA271}"
EndProject
Project("{9A19103F-16F7-4668-BE54-9A1E7A4F7556}") = "LeetCode.Core", "LeetCode.Core\LeetCode.Core.csproj", "{343ADC15-086E-4271-B88F-438E9C5CCC7E}"
EndProject
Project("{9A19103F-16F7-4668-BE54-9A1E7A4F7556}") = "ex00104. Maximum Depth of Binary Tree", "ex00104. Maximum Depth of Binary Tree\ex00104. Maximum Depth of Binary Tree.csproj", "{AC26418D-ED77-4245-B49B-6FB6A3EA418B}"
EndProject
Project("{9A19103F-16F7-4668-BE54-9A1E7A4F7556}") = "ex00102. Binary Tree Level Order Traversal", "ex00102. Binary Tree Level Order Traversal\ex00102. Binary Tree Level Order Traversal.csproj", "{5052270A-B4F0-426C-984F-8ACDF4D92A39}"
EndProject
Project("{9A19103F-16F7-4668-BE54-9A1E7A4F7556}") = "ex00230. Kth Smallest Element in a BST", "ex00230. Kth Smallest Element in a BST\ex00230. Kth Smallest Element in a BST.csproj", "{A96290A3-EB3E-4D92-9C77-566A08006389}"
EndProject
Project("{9A19103F-16F7-4668-BE54-9A1E7A4F7556}") = "Binary Tree Traversal", "Binary Tree Traversal\Binary Tree Traversal.csproj", "{FA425114-05F6-4E91-9F40-C865276E35DD}"
EndProject
Project("{9A19103F-16F7-4668-BE54-9A1E7A4F7556}") = "ex00232. Implement Queue using Stacks", "ex00232. Implement Queue using Stacks\ex00232. Implement Queue using Stacks.csproj", "{E9121AB5-EC55-4893-B336-C4C7EE48DAC3}"
EndProject
Project("{9A19103F-16F7-4668-BE54-9A1E7A4F7556}") = "ex06265. Count Pairs Of Similar Strings", "ex06265. Count Pairs Of Similar Strings\ex06265. Count Pairs Of Similar Strings.csproj", "{72CDB790-C5EF-4AB1-B543-3EDBB594FAE3}"
EndProject
Project("{9A19103F-16F7-4668-BE54-9A1E7A4F7556}") = "ex06266. Smallest Value After Replacing With Sum of Prime Factors", "ex06266. Smallest Value After Replacing With Sum of Prime Factors\ex06266. Smallest Value After Replacing With Sum of Prime Factors.csproj", "{2B3C83D5-0C61-421F-B9C1-C1C6E982B7DE}"
EndProject
Project("{9A19103F-16F7-4668-BE54-9A1E7A4F7556}") = "ex02508. Add Edges to Make Degrees of All Nodes Even", "ex02508. Add Edges to Make Degrees of All Nodes Even\ex02508. Add Edges to Make Degrees of All Nodes Even.csproj", "{53B96BB9-D93F-4EFC-8184-EB2792FD8576}"
EndProject
Project("{9A19103F-16F7-4668-BE54-9A1E7A4F7556}") = "ex00450. Delete Node in a BST", "ex00450. Delete Node in a BST\ex00450. Delete Node in a BST.csproj", "{68370F86-D59C-4B08-A10C-036524700E9B}"
EndProject
Project("{9A19103F-16F7-4668-BE54-9A1E7A4F7556}") = "ex00098. Validate Binary Search Treee", "ex00098. Validate Binary Search Treee\ex00098. Validate Binary Search Treee.csproj", "{3E9B4EB4-C75D-483C-83FA-AB2035091C02}"
EndProject
Project("{9A19103F-16F7-4668-BE54-9A1E7A4F7556}") = "ex00572. Subtree of Another Tree", "ex00572. Subtree of Another Tree\ex00572. Subtree of Another Tree.csproj", "{CD534E15-05BE-4B0D-B1A1-52ABC32125FE}"
EndProject
Project("{9A19103F-16F7-4668-BE54-9A1E7A4F7556}") = "ex00110. Balanced Binary Tree", "ex00110. Balanced Binary Tree\ex00110. Balanced Binary Tree.csproj", "{EE97744A-5852-47D5-96C2-C4AFF6F828F0}"
EndProject
Project("{9A19103F-16F7-4668-BE54-9A1E7A4F7556}") = "ex01325. Delete Leaves With a Given Value", "ex01325. Delete Leaves With a Given Value\ex01325. Delete Leaves With a Given Value.csproj", "{FA944CDC-F660-49B4-8193-BAA9379CF786}"
EndProject
Project("{9A19103F-16F7-4668-BE54-9A1E7A4F7556}") = "ex00105. Construct Binary Tree from Preorder and Inorder Traversal", "ex00105. Construct Binary Tree from Preorder and Inorder Traversal\ex00105. Construct Binary Tree from Preorder and Inorder Traversal.csproj", "{5D824966-1FCC-43DA-BB73-C5433B4AAD59}"
EndProject
Project("{9A19103F-16F7-4668-BE54-9A1E7A4F7556}") = "ex00125. Valid Palindrome", "ex00125. Valid Palindrome\ex00125. Valid Palindrome.csproj", "{A900AE35-6AF2-46DC-B519-5FAE20F4DCCA}"
EndProject
Project("{9A19103F-16F7-4668-BE54-9A1E7A4F7556}") = "ex00167. Two Sum II - Input Array Is Sorted", "ex00167. Two Sum II - Input Array Is Sorted\ex00167. Two Sum II - Input Array Is Sorted.csproj", "{A546B6AC-00C1-48D6-84C8-5927DE2BEB1F}"
EndProject
Project("{9A19103F-16F7-4668-BE54-9A1E7A4F7556}") = "ex00015. 3Sum", "ex00015. 3Sum\ex00015. 3Sum.csproj", "{6F9F1943-B9D8-4103-AF4A-A23F68198943}"
EndProject
Project("{9A19103F-16F7-4668-BE54-9A1E7A4F7556}") = "ex00669. Trim a Binary Search Tree", "ex00669. Trim a Binary Search Tree\ex00669. Trim a Binary Search Tree.csproj", "{DEA5A3AE-2FFB-4B7F-903D-EB2D073EBC6F}"
EndProject
Project("{9A19103F-16F7-4668-BE54-9A1E7A4F7556}") = "ex00011. Container With Most Water", "ex00011. Container With Most Water\ex00011. Container With Most Water.csproj", "{9A2A6B59-0446-4457-86CA-E6580BBAFCCA}"
EndProject
Project("{9A19103F-16F7-4668-BE54-9A1E7A4F7556}") = "ex00042. Trapping Rain Water", "ex00042. Trapping Rain Water\ex00042. Trapping Rain Water.csproj", "{19D865F5-FFB0-4201-A322-5E6A3239EE04}"
EndProject
Project("{9A19103F-16F7-4668-BE54-9A1E7A4F7556}") = "QuickSort", "QuickSort\QuickSort.csproj", "{E99CF695-7012-4DF5-AC3B-5BDB2F52AB36}"
EndProject
Project("{9A19103F-16F7-4668-BE54-9A1E7A4F7556}") = "ex00589. N-ary Tree Preorder Traversal", "ex00589. N-ary Tree Preorder Traversal\ex00589. N-ary Tree Preorder Traversal.csproj", "{328F659F-50E3-4074-A5D1-75AE25A350F7}"
EndProject
Project("{9A19103F-16F7-4668-BE54-9A1E7A4F7556}") = "ex00590. N-ary Tree Postorder Traversal", "ex00590. N-ary Tree Postorder Traversal\ex00590. N-ary Tree Postorder Traversal.csproj", "{F2F9CC17-442A-421E-A1E5-C76CC82E20CA}"
EndProject
Project("{9A19103F-16F7-4668-BE54-9A1E7A4F7556}") = "ex00101. Symmetric Tree", "ex00101. Symmetric Tree\ex00101. Symmetric Tree.csproj", "{9300E439-76BA-4E44-AB3C-A6C6DC31C217}"
EndProject
Project("{9A19103F-16F7-4668-BE54-9A1E7A4F7556}") = "ex00965. Univalued Binary Tree", "ex00965. Univalued Binary Tree\ex00965. Univalued Binary Tree.csproj", "{C0D0EBEA-F37A-4B9A-83DE-82B1CAEBB2F8}"
EndProject
Project("{9A19103F-16F7-4668-BE54-9A1E7A4F7556}") = "ex00290. Word Pattern", "ex00290. Word Pattern\ex00290. Word Pattern.csproj", "{DCEA07D6-608E-4345-9FFA-90098B3C698D}"
EndProject
Project("{9A19103F-16F7-4668-BE54-9A1E7A4F7556}") = "ex00112. Path Sum", "ex00112. Path Sum\ex00112. Path Sum.csproj", "{ADCA0F7F-2B31-4A41-B858-0E9DAB4F5DC8}"
EndProject
Project("{9A19103F-16F7-4668-BE54-9A1E7A4F7556}") = "ex00257. Binary Tree Paths", "ex00257. Binary Tree Paths\ex00257. Binary Tree Paths.csproj", "{ECE6A90D-A197-4CB8-AE5B-A690F337CBEE}"
EndProject
Project("{9A19103F-16F7-4668-BE54-9A1E7A4F7556}") = "ex00543. Diameter of Binary Tree", "ex00543. Diameter of Binary Tree\ex00543. Diameter of Binary Tree.csproj", "{5326DC9D-78E3-4A67-A717-085CC0D806FE}"
EndProject
Project("{9A19103F-16F7-4668-BE54-9A1E7A4F7556}") = "ex06278. Count the Digits That Divide a Number", "ex06278. Count the Digits That Divide a Number\ex06278. Count the Digits That Divide a Number.csproj", "{C641D8B9-B652-4395-B1BB-81C1E696D064}"
EndProject
Project("{9A19103F-16F7-4668-BE54-9A1E7A4F7556}") = "ex06279. Distinct Prime Factors of Product of Array", "ex06279. Distinct Prime Factors of Product of Array\ex06279. Distinct Prime Factors of Product of Array.csproj", "{93F23EDC-B234-462C-80A7-165F7BEA0B00}"
EndProject
Project("{9A19103F-16F7-4668-BE54-9A1E7A4F7556}") = "ex06196. Partition String Into Substrings With Values at Most K", "ex06196. Partition String Into Substrings With Values at Most K\ex06196. Partition String Into Substrings With Values at Most K.csproj", "{F70F4E99-5BBE-49E9-9DC0-4B8DB46C373E}"
EndProject
Project("{9A19103F-16F7-4668-BE54-9A1E7A4F7556}") = "ex06280. Closest Prime Numbers in Range", "ex06280. Closest Prime Numbers in Range\ex06280. Closest Prime Numbers in Range.csproj", "{49664678-5398-4438-B7AA-050B34180604}"
EndProject
Project("{9A19103F-16F7-4668-BE54-9A1E7A4F7556}") = "ex00520. Detect Capital", "ex00520. Detect Capital\ex00520. Detect Capital.csproj", "{34DB4AFA-F5F2-4C85-910D-60196290132E}"
EndProject
Project("{9A19103F-16F7-4668-BE54-9A1E7A4F7556}") = "ex00121. Best Time to Buy and Sell Stock", "ex00121. Best Time to Buy and Sell Stock\ex00121. Best Time to Buy and Sell Stock.csproj", "{44F75FA8-8BD3-4A6C-8311-2C45558800A2}"
EndProject
Project("{9A19103F-16F7-4668-BE54-9A1E7A4F7556}") = "ex00944. Delete Columns to Make Sorted", "ex00944. Delete Columns to Make Sorted\ex00944. Delete Columns to Make Sorted.csproj", "{0046D3D0-F769-4713-A872-DB0FD6DE0B02}"
EndProject
Project("{9A19103F-16F7-4668-BE54-9A1E7A4F7556}") = "ex02244. Minimum Rounds to Complete All Tasks", "ex02244. Minimum Rounds to Complete All Tasks\ex02244. Minimum Rounds to Complete All Tasks.csproj", "{84FD87AA-0DEE-4E5B-BBC2-7B6015D26AE8}"
EndProject
Project("{9A19103F-16F7-4668-BE54-9A1E7A4F7556}") = "ex00452. Minimum Number of Arrows to Burst Balloons", "ex00452. Minimum Number of Arrows to Burst Balloons\ex00452. Minimum Number of Arrows to Burst Balloons.csproj", "{247058CF-2BE6-453E-9AA6-1CB8385B755C}"
EndProject
Project("{9A19103F-16F7-4668-BE54-9A1E7A4F7556}") = "ex00003. Longest Substring Without Repeating Characters", "ex00003. Longest Substring Without Repeating Characters\ex00003. Longest Substring Without Repeating Characters.csproj", "{8D71A13C-54CE-4D7A-A3AA-BF8D2F63CCF4}"
EndProject
Project("{9A19103F-16F7-4668-BE54-9A1E7A4F7556}") = "ex00424. Longest Repeating Character Replacement", "ex00424. Longest Repeating Character Replacement\ex00424. Longest Repeating Character Replacement.csproj", "{6DB13168-E586-4690-81A2-0E2AB9B51813}"
EndProject
Project("{9A19103F-16F7-4668-BE54-9A1E7A4F7556}") = "ex00239. Sliding Window Maximum", "ex00239. Sliding Window Maximum\ex00239. Sliding Window Maximum.csproj", "{72222EE0-5EA0-422A-879D-794B745E35A5}"
EndProject
Project("{9A19103F-16F7-4668-BE54-9A1E7A4F7556}") = "ex00567. Permutation in String", "ex00567. Permutation in String\ex00567. Permutation in String.csproj", "{1526A183-0EE1-4384-A4AF-D4FE6C133DCD}"
EndProject
Project("{9A19103F-16F7-4668-BE54-9A1E7A4F7556}") = "ex00076. Minimum Window Substring", "ex00076. Minimum Window Substring\ex00076. Minimum Window Substring.csproj", "{A1FDB89D-2583-4BB4-85C1-9A8832E9EA05}"
EndProject
Project("{9A19103F-16F7-4668-BE54-9A1E7A4F7556}") = "ex01833. Maximum Ice Cream Bars", "ex01833. Maximum Ice Cream Bars\ex01833. Maximum Ice Cream Bars.csproj", "{1B320CA6-6039-4427-80E8-7BB2E24FE4B6}"
EndProject
Project("{2150E333-8FDC-42A3-9474-1A3956D46DE8}") = "Array", "Array", "{AA27A97F-0334-4846-8A27-3E158B36C48D}"
EndProject
Project("{9A19103F-16F7-4668-BE54-9A1E7A4F7556}") = "Array_Usage", "Learn\Array\Array_Usage\Array_Usage.csproj", "{C5F09173-8F07-4F7E-AE32-78416AEED272}"
EndProject
Project("{2150E333-8FDC-42A3-9474-1A3956D46DE8}") = "Learn", "Learn", "{A914729C-4E6E-4442-AA18-6FC1711FB422}"
EndProject
Project("{9A19103F-16F7-4668-BE54-9A1E7A4F7556}") = "ex06283. Maximum Count of Positive Integer and Negative Integer", "ex06283. Maximum Count of Positive Integer and Negative Integer\ex06283. Maximum Count of Positive Integer and Negative Integer.csproj", "{C4931D5D-F8D4-4427-AD62-257B9660A7CA}"
EndProject
Project("{9A19103F-16F7-4668-BE54-9A1E7A4F7556}") = "ex06285. Maximal Score After Applying K Operations", "ex06285. Maximal Score After Applying K Operations\ex06285. Maximal Score After Applying K Operations.csproj", "{84AF5593-0BBA-4BEE-968D-0DC80313B453}"
EndProject
Project("{9A19103F-16F7-4668-BE54-9A1E7A4F7556}") = "ex06284. Make Number of Distinct Characters Equal", "ex06284. Make Number of Distinct Characters Equal\ex06284. Make Number of Distinct Characters Equal.csproj", "{A84E7286-28A1-44E2-8785-E9F0BB3656AB}"
EndProject
Project("{9A19103F-16F7-4668-BE54-9A1E7A4F7556}") = "ex00134. Gas Station", "ex00134. Gas Station\ex00134. Gas Station.csproj", "{625355CC-30B8-44DE-B02B-C6C2628AA9AC}"
EndProject
Project("{9A19103F-16F7-4668-BE54-9A1E7A4F7556}") = "ex00217. Contains Duplicate", "ex00217. Contains Duplicate\ex00217. Contains Duplicate.csproj", "{53AC312F-10E7-46D1-B276-30200FC27685}"
EndProject
Project("{9A19103F-16F7-4668-BE54-9A1E7A4F7556}") = "ex00242. Valid Anagram", "ex00242. Valid Anagram\ex00242. Valid Anagram.csproj", "{89727538-05B2-4185-AD3D-9FE63161773D}"
EndProject
Project("{9A19103F-16F7-4668-BE54-9A1E7A4F7556}") = "ex00001. Two Sum", "ex00001. Two Sum\ex00001. Two Sum.csproj", "{30BC47E7-9F6A-45CE-9151-BF1A1A45093B}"
EndProject
Project("{9A19103F-16F7-4668-BE54-9A1E7A4F7556}") = "ex00049. Group Anagrams", "ex00049. Group Anagrams\ex00049. Group Anagrams.csproj", "{0FFD4751-6925-47EF-A963-57D083069DF8}"
EndProject
Project("{9A19103F-16F7-4668-BE54-9A1E7A4F7556}") = "ex00347. Top K Frequent Elements", "ex00347. Top K Frequent Elements\ex00347. Top K Frequent Elements.csproj", "{E2F5B774-1DE0-4F3B-A541-159FB590ABCA}"
EndProject
Project("{9A19103F-16F7-4668-BE54-9A1E7A4F7556}") = "ex00238. Product of Array Except Self", "ex00238. Product of Array Except Self\ex00238. Product of Array Except Self.csproj", "{5EE1F75B-287B-4BF8-B5B5-88A298924A4C}"
EndProject
Project("{9A19103F-16F7-4668-BE54-9A1E7A4F7556}") = "ex00438. Find All Anagrams in a String", "ex00438. Find All Anagrams in a String\ex00438. Find All Anagrams in a String.csproj", "{79F68D40-60EE-4271-826E-779A0AC4C686}"
EndProject
Project("{9A19103F-16F7-4668-BE54-9A1E7A4F7556}") = "ex06291. Difference Between Element Sum and Digit Sum of an Array", "ex06291. Difference Between Element Sum and Digit Sum of an Array\ex06291. Difference Between Element Sum and Digit Sum of an Array.csproj", "{FAF6F294-4414-4840-9135-84A8AACF5CB5}"
EndProject
Project("{9A19103F-16F7-4668-BE54-9A1E7A4F7556}") = "ex06292. Increment Submatrices by One", "ex06292. Increment Submatrices by One\ex06292. Increment Submatrices by One.csproj", "{33E4069B-7EA9-47BB-9228-0827157F480D}"
EndProject
Project("{9A19103F-16F7-4668-BE54-9A1E7A4F7556}") = "ex06293. Count the Number of Good Subarrays", "ex06293. Count the Number of Good Subarrays\ex06293. Count the Number of Good Subarrays.csproj", "{A7530F86-1E2C-4228-AC90-4C5C18AC1D6A}"
EndProject
Project("{9A19103F-16F7-4668-BE54-9A1E7A4F7556}") = "ex00704. Binary Search", "ex00704. Binary Search\ex00704. Binary Search.csproj", "{AE08081F-0C14-44D6-B995-5C4244EE5AFB}"
EndProject
Project("{9A19103F-16F7-4668-BE54-9A1E7A4F7556}") = "ex00144. Binary Tree Preorder Traversal", "ex00144. Binary Tree Preorder Traversal\ex00144. Binary Tree Preorder Traversal.csproj", "{ED44D2D2-D829-4BB3-B8C3-EE1C95E600A0}"
EndProject
Project("{9A19103F-16F7-4668-BE54-9A1E7A4F7556}") = "ex00153. Find Minimum in Rotated Sorted Array", "ex00153. Find Minimum in Rotated Sorted Array\ex00153. Find Minimum in Rotated Sorted Array.csproj", "{A1A2095C-F38C-4362-B1E5-0BCC2E4E4EC6}"
EndProject
Project("{9A19103F-16F7-4668-BE54-9A1E7A4F7556}") = "ex00033. Search in Rotated Sorted Array", "ex00033. Search in Rotated Sorted Array\ex00033. Search in Rotated Sorted Array.csproj", "{6AF8A14C-4B78-4F5D-A645-97BDF7716439}"
EndProject
Project("{9A19103F-16F7-4668-BE54-9A1E7A4F7556}") = "ex0981. Time Based Key-Value Store", "ex0981. Time Based Key-Value Store\ex0981. Time Based Key-Value Store.csproj", "{8D2EDBE9-0E30-4FB8-B0F4-58E049CAFC4C}"
EndProject
Project("{9A19103F-16F7-4668-BE54-9A1E7A4F7556}") = "ex00875. Koko Eating Bananas", "ex00875. Koko Eating Bananas\ex00875. Koko Eating Bananas.csproj", "{5B159BDD-D4C2-4069-86AE-EE4AF204D390}"
EndProject
Project("{9A19103F-16F7-4668-BE54-9A1E7A4F7556}") = "ex01061. Lexicographically Smallest Equivalent String", "ex01061. Lexicographically Smallest Equivalent String\ex01061. Lexicographically Smallest Equivalent String.csproj", "{2FE1ACB7-CB44-4624-B739-80672DB63C94}"
EndProject
Project("{9A19103F-16F7-4668-BE54-9A1E7A4F7556}") = "ex01971. Find if Path Exists in Graph", "ex01971. Find if Path Exists in Graph\ex01971. Find if Path Exists in Graph.csproj", "{145D6310-5C91-4A5A-938C-7B4A71F46CEC}"
EndProject
Project("{9A19103F-16F7-4668-BE54-9A1E7A4F7556}") = "ex00057. Insert Interval", "ex00057. Insert Interval\ex00057. Insert Interval.csproj", "{1BFFEF82-DBD5-4E53-B3D3-120CA6248407}"
EndProject
Project("{9A19103F-16F7-4668-BE54-9A1E7A4F7556}") = "ex00926. Flip String to Monotone Increasing", "ex00926. Flip String to Monotone Increasing\ex00926. Flip String to Monotone Increasing.csproj", "{276F4BA9-C7FB-42C8-957A-B7B487961896}"
EndProject
Project("{9A19103F-16F7-4668-BE54-9A1E7A4F7556}") = "ex00206. Reverse Linked List", "ex00206. Reverse Linked List\ex00206. Reverse Linked List.csproj", "{90C1CA30-4311-4F82-AC9F-7E470B728D73}"
EndProject
Project("{9A19103F-16F7-4668-BE54-9A1E7A4F7556}") = "ex00021. Merge Two Sorted Lists", "ex00021. Merge Two Sorted Lists\ex00021. Merge Two Sorted Lists.csproj", "{D4331963-E28E-4E28-8918-D8AC50E0030A}"
EndProject
Project("{9A19103F-16F7-4668-BE54-9A1E7A4F7556}") = "ex00141. Linked List Cycle", "ex00141. Linked List Cycle\ex00141. Linked List Cycle.csproj", "{8BDB31E8-F39B-48BF-8CA6-0E8642C79955}"
EndProject
Project("{9A19103F-16F7-4668-BE54-9A1E7A4F7556}") = "ex00974. Subarray Sums Divisible by K", "ex00974. Subarray Sums Divisible by K\ex00974. Subarray Sums Divisible by K.csproj", "{26715190-B446-42F7-A8D0-2CCEC14CDA2F}"
EndProject
Project("{9A19103F-16F7-4668-BE54-9A1E7A4F7556}") = "ex06296. Alternating Digit Sum", "ex06296. Alternating Digit Sum\ex06296. Alternating Digit Sum.csproj", "{4496D630-0181-4E27-8B4E-B325587FE56C}"
EndProject
Project("{9A19103F-16F7-4668-BE54-9A1E7A4F7556}") = "ex06297. Sort the Students by Their Kth Score", "ex06297. Sort the Students by Their Kth Score\ex06297. Sort the Students by Their Kth Score.csproj", "{E99DAC82-019B-4D29-9161-BEF7C6572ABE}"
EndProject
Project("{9A19103F-16F7-4668-BE54-9A1E7A4F7556}") = "ex06298. Apply Bitwise Operations to Make Strings Equal", "ex06298. Apply Bitwise Operations to Make Strings Equal\ex06298. Apply Bitwise Operations to Make Strings Equal.csproj", "{42AC9CB5-D042-4F44-9E83-4DC1C67AF2D4}"
EndProject
Project("{9A19103F-16F7-4668-BE54-9A1E7A4F7556}") = "ex00997. Find the Town Judge", "ex00997. Find the Town Judge\ex00997. Find the Town Judge.csproj", "{5A42AB4B-8B81-4B4F-B9A0-7365A4C01B2C}"
EndProject
Project("{9A19103F-16F7-4668-BE54-9A1E7A4F7556}") = "ex01137. N-th Tribonacci Number", "ex01137. N-th Tribonacci Number\ex01137. N-th Tribonacci Number.csproj", "{BD1160F0-036A-48C5-A99F-B83DB05D0CFD}"
EndProject
Project("{9A19103F-16F7-4668-BE54-9A1E7A4F7556}") = "ex00078. Subsets", "ex00078. Subsets\ex00078. Subsets.csproj", "{9F35CE44-E198-4D6D-8CE4-8ACE3350E194}"
EndProject
Project("{9A19103F-16F7-4668-BE54-9A1E7A4F7556}") = "ex00046. Permutations", "ex00046. Permutations\ex00046. Permutations.csproj", "{87ED4243-9EF8-4763-B395-4006AE82544A}"
EndProject
Project("{9A19103F-16F7-4668-BE54-9A1E7A4F7556}") = "ex00039. Combination Sum", "ex00039. Combination Sum\ex00039. Combination Sum.csproj", "{8F392ACE-C8E7-430D-A573-DCDB99065375}"
EndProject
Project("{9A19103F-16F7-4668-BE54-9A1E7A4F7556}") = "ex00051. N-Queens", "ex00051. N-Queens\ex00051. N-Queens.csproj", "{8E469FC1-7841-42FF-8BCC-89DE28E8860A}"
EndProject
Project("{9A19103F-16F7-4668-BE54-9A1E7A4F7556}") = "ex01626. Best Team With No Conflicts", "ex01626. Best Team With No Conflicts\ex01626. Best Team With No Conflicts.csproj", "{C0498A90-5573-4FD8-9534-81521F1A9131}"
EndProject
Project("{9A19103F-16F7-4668-BE54-9A1E7A4F7556}") = "ex01071. Greatest Common Divisor of Strings", "ex01071. Greatest Common Divisor of Strings\ex01071. Greatest Common Divisor of Strings.csproj", "{777C69FF-F839-4F8E-888C-CFA1FF9AC595}"
EndProject
Project("{9A19103F-16F7-4668-BE54-9A1E7A4F7556}") = "ex00090. Subsets II", "ex00090. Subsets II\ex00090. Subsets II.csproj", "{E4250D9D-6604-4688-9CDE-702504B987DC}"
EndProject
Project("{9A19103F-16F7-4668-BE54-9A1E7A4F7556}") = "ex00953. Verifying an Alien Dictionary", "ex00953. Verifying an Alien Dictionary\ex00953. Verifying an Alien Dictionary.csproj", "{B417D438-3F96-4905-85F0-E2830DC3A599}"
EndProject
Project("{9A19103F-16F7-4668-BE54-9A1E7A4F7556}") = "ex00040. Combination Sum II", "ex00040. Combination Sum II\ex00040. Combination Sum II.csproj", "{84AC2DAC-118B-414A-8493-5519687E7B98}"
EndProject
Project("{9A19103F-16F7-4668-BE54-9A1E7A4F7556}") = "ex00006. Zigzag Conversion", "ex00006. Zigzag Conversion\ex00006. Zigzag Conversion.csproj", "{30C38572-D4D0-483E-9298-75AFEC4352E6}"
EndProject
Project("{FAE04EC0-301F-11D3-BF4B-00C04F79EFBC}") = "ex00004. Median of Two Sorted Arrays", "ex00004. Median of Two Sorted Arrays\ex00004. Median of Two Sorted Arrays.csproj", "{89D60848-D641-45C0-BE55-812AEAD88779}"
EndProject
Global
	GlobalSection(SolutionConfigurationPlatforms) = preSolution
		Debug|Any CPU = Debug|Any CPU
		Release|Any CPU = Release|Any CPU
	EndGlobalSection
	GlobalSection(ProjectConfigurationPlatforms) = postSolution
		{AC0D8A5E-9671-49F1-BC19-452B248FA271}.Debug|Any CPU.ActiveCfg = Debug|Any CPU
		{AC0D8A5E-9671-49F1-BC19-452B248FA271}.Debug|Any CPU.Build.0 = Debug|Any CPU
		{AC0D8A5E-9671-49F1-BC19-452B248FA271}.Release|Any CPU.ActiveCfg = Release|Any CPU
		{AC0D8A5E-9671-49F1-BC19-452B248FA271}.Release|Any CPU.Build.0 = Release|Any CPU
		{343ADC15-086E-4271-B88F-438E9C5CCC7E}.Debug|Any CPU.ActiveCfg = Debug|Any CPU
		{343ADC15-086E-4271-B88F-438E9C5CCC7E}.Debug|Any CPU.Build.0 = Debug|Any CPU
		{343ADC15-086E-4271-B88F-438E9C5CCC7E}.Release|Any CPU.ActiveCfg = Release|Any CPU
		{343ADC15-086E-4271-B88F-438E9C5CCC7E}.Release|Any CPU.Build.0 = Release|Any CPU
		{AC26418D-ED77-4245-B49B-6FB6A3EA418B}.Debug|Any CPU.ActiveCfg = Debug|Any CPU
		{AC26418D-ED77-4245-B49B-6FB6A3EA418B}.Debug|Any CPU.Build.0 = Debug|Any CPU
		{AC26418D-ED77-4245-B49B-6FB6A3EA418B}.Release|Any CPU.ActiveCfg = Release|Any CPU
		{AC26418D-ED77-4245-B49B-6FB6A3EA418B}.Release|Any CPU.Build.0 = Release|Any CPU
		{5052270A-B4F0-426C-984F-8ACDF4D92A39}.Debug|Any CPU.ActiveCfg = Debug|Any CPU
		{5052270A-B4F0-426C-984F-8ACDF4D92A39}.Debug|Any CPU.Build.0 = Debug|Any CPU
		{5052270A-B4F0-426C-984F-8ACDF4D92A39}.Release|Any CPU.ActiveCfg = Release|Any CPU
		{5052270A-B4F0-426C-984F-8ACDF4D92A39}.Release|Any CPU.Build.0 = Release|Any CPU
		{A96290A3-EB3E-4D92-9C77-566A08006389}.Debug|Any CPU.ActiveCfg = Debug|Any CPU
		{A96290A3-EB3E-4D92-9C77-566A08006389}.Debug|Any CPU.Build.0 = Debug|Any CPU
		{A96290A3-EB3E-4D92-9C77-566A08006389}.Release|Any CPU.ActiveCfg = Release|Any CPU
		{A96290A3-EB3E-4D92-9C77-566A08006389}.Release|Any CPU.Build.0 = Release|Any CPU
		{FA425114-05F6-4E91-9F40-C865276E35DD}.Debug|Any CPU.ActiveCfg = Debug|Any CPU
		{FA425114-05F6-4E91-9F40-C865276E35DD}.Debug|Any CPU.Build.0 = Debug|Any CPU
		{FA425114-05F6-4E91-9F40-C865276E35DD}.Release|Any CPU.ActiveCfg = Release|Any CPU
		{FA425114-05F6-4E91-9F40-C865276E35DD}.Release|Any CPU.Build.0 = Release|Any CPU
		{E9121AB5-EC55-4893-B336-C4C7EE48DAC3}.Debug|Any CPU.ActiveCfg = Debug|Any CPU
		{E9121AB5-EC55-4893-B336-C4C7EE48DAC3}.Debug|Any CPU.Build.0 = Debug|Any CPU
		{E9121AB5-EC55-4893-B336-C4C7EE48DAC3}.Release|Any CPU.ActiveCfg = Release|Any CPU
		{E9121AB5-EC55-4893-B336-C4C7EE48DAC3}.Release|Any CPU.Build.0 = Release|Any CPU
		{72CDB790-C5EF-4AB1-B543-3EDBB594FAE3}.Debug|Any CPU.ActiveCfg = Debug|Any CPU
		{72CDB790-C5EF-4AB1-B543-3EDBB594FAE3}.Debug|Any CPU.Build.0 = Debug|Any CPU
		{72CDB790-C5EF-4AB1-B543-3EDBB594FAE3}.Release|Any CPU.ActiveCfg = Release|Any CPU
		{72CDB790-C5EF-4AB1-B543-3EDBB594FAE3}.Release|Any CPU.Build.0 = Release|Any CPU
		{2B3C83D5-0C61-421F-B9C1-C1C6E982B7DE}.Debug|Any CPU.ActiveCfg = Debug|Any CPU
		{2B3C83D5-0C61-421F-B9C1-C1C6E982B7DE}.Debug|Any CPU.Build.0 = Debug|Any CPU
		{2B3C83D5-0C61-421F-B9C1-C1C6E982B7DE}.Release|Any CPU.ActiveCfg = Release|Any CPU
		{2B3C83D5-0C61-421F-B9C1-C1C6E982B7DE}.Release|Any CPU.Build.0 = Release|Any CPU
		{53B96BB9-D93F-4EFC-8184-EB2792FD8576}.Debug|Any CPU.ActiveCfg = Debug|Any CPU
		{53B96BB9-D93F-4EFC-8184-EB2792FD8576}.Debug|Any CPU.Build.0 = Debug|Any CPU
		{53B96BB9-D93F-4EFC-8184-EB2792FD8576}.Release|Any CPU.ActiveCfg = Release|Any CPU
		{53B96BB9-D93F-4EFC-8184-EB2792FD8576}.Release|Any CPU.Build.0 = Release|Any CPU
		{68370F86-D59C-4B08-A10C-036524700E9B}.Debug|Any CPU.ActiveCfg = Debug|Any CPU
		{68370F86-D59C-4B08-A10C-036524700E9B}.Debug|Any CPU.Build.0 = Debug|Any CPU
		{68370F86-D59C-4B08-A10C-036524700E9B}.Release|Any CPU.ActiveCfg = Release|Any CPU
		{68370F86-D59C-4B08-A10C-036524700E9B}.Release|Any CPU.Build.0 = Release|Any CPU
		{3E9B4EB4-C75D-483C-83FA-AB2035091C02}.Debug|Any CPU.ActiveCfg = Debug|Any CPU
		{3E9B4EB4-C75D-483C-83FA-AB2035091C02}.Debug|Any CPU.Build.0 = Debug|Any CPU
		{3E9B4EB4-C75D-483C-83FA-AB2035091C02}.Release|Any CPU.ActiveCfg = Release|Any CPU
		{3E9B4EB4-C75D-483C-83FA-AB2035091C02}.Release|Any CPU.Build.0 = Release|Any CPU
		{CD534E15-05BE-4B0D-B1A1-52ABC32125FE}.Debug|Any CPU.ActiveCfg = Debug|Any CPU
		{CD534E15-05BE-4B0D-B1A1-52ABC32125FE}.Debug|Any CPU.Build.0 = Debug|Any CPU
		{CD534E15-05BE-4B0D-B1A1-52ABC32125FE}.Release|Any CPU.ActiveCfg = Release|Any CPU
		{CD534E15-05BE-4B0D-B1A1-52ABC32125FE}.Release|Any CPU.Build.0 = Release|Any CPU
		{EE97744A-5852-47D5-96C2-C4AFF6F828F0}.Debug|Any CPU.ActiveCfg = Debug|Any CPU
		{EE97744A-5852-47D5-96C2-C4AFF6F828F0}.Debug|Any CPU.Build.0 = Debug|Any CPU
		{EE97744A-5852-47D5-96C2-C4AFF6F828F0}.Release|Any CPU.ActiveCfg = Release|Any CPU
		{EE97744A-5852-47D5-96C2-C4AFF6F828F0}.Release|Any CPU.Build.0 = Release|Any CPU
		{FA944CDC-F660-49B4-8193-BAA9379CF786}.Debug|Any CPU.ActiveCfg = Debug|Any CPU
		{FA944CDC-F660-49B4-8193-BAA9379CF786}.Debug|Any CPU.Build.0 = Debug|Any CPU
		{FA944CDC-F660-49B4-8193-BAA9379CF786}.Release|Any CPU.ActiveCfg = Release|Any CPU
		{FA944CDC-F660-49B4-8193-BAA9379CF786}.Release|Any CPU.Build.0 = Release|Any CPU
		{5D824966-1FCC-43DA-BB73-C5433B4AAD59}.Debug|Any CPU.ActiveCfg = Debug|Any CPU
		{5D824966-1FCC-43DA-BB73-C5433B4AAD59}.Debug|Any CPU.Build.0 = Debug|Any CPU
		{5D824966-1FCC-43DA-BB73-C5433B4AAD59}.Release|Any CPU.ActiveCfg = Release|Any CPU
		{5D824966-1FCC-43DA-BB73-C5433B4AAD59}.Release|Any CPU.Build.0 = Release|Any CPU
		{A900AE35-6AF2-46DC-B519-5FAE20F4DCCA}.Debug|Any CPU.ActiveCfg = Debug|Any CPU
		{A900AE35-6AF2-46DC-B519-5FAE20F4DCCA}.Debug|Any CPU.Build.0 = Debug|Any CPU
		{A900AE35-6AF2-46DC-B519-5FAE20F4DCCA}.Release|Any CPU.ActiveCfg = Release|Any CPU
		{A900AE35-6AF2-46DC-B519-5FAE20F4DCCA}.Release|Any CPU.Build.0 = Release|Any CPU
		{A546B6AC-00C1-48D6-84C8-5927DE2BEB1F}.Debug|Any CPU.ActiveCfg = Debug|Any CPU
		{A546B6AC-00C1-48D6-84C8-5927DE2BEB1F}.Debug|Any CPU.Build.0 = Debug|Any CPU
		{A546B6AC-00C1-48D6-84C8-5927DE2BEB1F}.Release|Any CPU.ActiveCfg = Release|Any CPU
		{A546B6AC-00C1-48D6-84C8-5927DE2BEB1F}.Release|Any CPU.Build.0 = Release|Any CPU
		{6F9F1943-B9D8-4103-AF4A-A23F68198943}.Debug|Any CPU.ActiveCfg = Debug|Any CPU
		{6F9F1943-B9D8-4103-AF4A-A23F68198943}.Debug|Any CPU.Build.0 = Debug|Any CPU
		{6F9F1943-B9D8-4103-AF4A-A23F68198943}.Release|Any CPU.ActiveCfg = Release|Any CPU
		{6F9F1943-B9D8-4103-AF4A-A23F68198943}.Release|Any CPU.Build.0 = Release|Any CPU
		{DEA5A3AE-2FFB-4B7F-903D-EB2D073EBC6F}.Debug|Any CPU.ActiveCfg = Debug|Any CPU
		{DEA5A3AE-2FFB-4B7F-903D-EB2D073EBC6F}.Debug|Any CPU.Build.0 = Debug|Any CPU
		{DEA5A3AE-2FFB-4B7F-903D-EB2D073EBC6F}.Release|Any CPU.ActiveCfg = Release|Any CPU
		{DEA5A3AE-2FFB-4B7F-903D-EB2D073EBC6F}.Release|Any CPU.Build.0 = Release|Any CPU
		{9A2A6B59-0446-4457-86CA-E6580BBAFCCA}.Debug|Any CPU.ActiveCfg = Debug|Any CPU
		{9A2A6B59-0446-4457-86CA-E6580BBAFCCA}.Debug|Any CPU.Build.0 = Debug|Any CPU
		{9A2A6B59-0446-4457-86CA-E6580BBAFCCA}.Release|Any CPU.ActiveCfg = Release|Any CPU
		{9A2A6B59-0446-4457-86CA-E6580BBAFCCA}.Release|Any CPU.Build.0 = Release|Any CPU
		{19D865F5-FFB0-4201-A322-5E6A3239EE04}.Debug|Any CPU.ActiveCfg = Debug|Any CPU
		{19D865F5-FFB0-4201-A322-5E6A3239EE04}.Debug|Any CPU.Build.0 = Debug|Any CPU
		{19D865F5-FFB0-4201-A322-5E6A3239EE04}.Release|Any CPU.ActiveCfg = Release|Any CPU
		{19D865F5-FFB0-4201-A322-5E6A3239EE04}.Release|Any CPU.Build.0 = Release|Any CPU
		{E99CF695-7012-4DF5-AC3B-5BDB2F52AB36}.Debug|Any CPU.ActiveCfg = Debug|Any CPU
		{E99CF695-7012-4DF5-AC3B-5BDB2F52AB36}.Debug|Any CPU.Build.0 = Debug|Any CPU
		{E99CF695-7012-4DF5-AC3B-5BDB2F52AB36}.Release|Any CPU.ActiveCfg = Release|Any CPU
		{E99CF695-7012-4DF5-AC3B-5BDB2F52AB36}.Release|Any CPU.Build.0 = Release|Any CPU
		{328F659F-50E3-4074-A5D1-75AE25A350F7}.Debug|Any CPU.ActiveCfg = Debug|Any CPU
		{328F659F-50E3-4074-A5D1-75AE25A350F7}.Debug|Any CPU.Build.0 = Debug|Any CPU
		{328F659F-50E3-4074-A5D1-75AE25A350F7}.Release|Any CPU.ActiveCfg = Release|Any CPU
		{328F659F-50E3-4074-A5D1-75AE25A350F7}.Release|Any CPU.Build.0 = Release|Any CPU
		{F2F9CC17-442A-421E-A1E5-C76CC82E20CA}.Debug|Any CPU.ActiveCfg = Debug|Any CPU
		{F2F9CC17-442A-421E-A1E5-C76CC82E20CA}.Debug|Any CPU.Build.0 = Debug|Any CPU
		{F2F9CC17-442A-421E-A1E5-C76CC82E20CA}.Release|Any CPU.ActiveCfg = Release|Any CPU
		{F2F9CC17-442A-421E-A1E5-C76CC82E20CA}.Release|Any CPU.Build.0 = Release|Any CPU
		{9300E439-76BA-4E44-AB3C-A6C6DC31C217}.Debug|Any CPU.ActiveCfg = Debug|Any CPU
		{9300E439-76BA-4E44-AB3C-A6C6DC31C217}.Debug|Any CPU.Build.0 = Debug|Any CPU
		{9300E439-76BA-4E44-AB3C-A6C6DC31C217}.Release|Any CPU.ActiveCfg = Release|Any CPU
		{9300E439-76BA-4E44-AB3C-A6C6DC31C217}.Release|Any CPU.Build.0 = Release|Any CPU
		{C0D0EBEA-F37A-4B9A-83DE-82B1CAEBB2F8}.Debug|Any CPU.ActiveCfg = Debug|Any CPU
		{C0D0EBEA-F37A-4B9A-83DE-82B1CAEBB2F8}.Debug|Any CPU.Build.0 = Debug|Any CPU
		{C0D0EBEA-F37A-4B9A-83DE-82B1CAEBB2F8}.Release|Any CPU.ActiveCfg = Release|Any CPU
		{C0D0EBEA-F37A-4B9A-83DE-82B1CAEBB2F8}.Release|Any CPU.Build.0 = Release|Any CPU
		{DCEA07D6-608E-4345-9FFA-90098B3C698D}.Debug|Any CPU.ActiveCfg = Debug|Any CPU
		{DCEA07D6-608E-4345-9FFA-90098B3C698D}.Debug|Any CPU.Build.0 = Debug|Any CPU
		{DCEA07D6-608E-4345-9FFA-90098B3C698D}.Release|Any CPU.ActiveCfg = Release|Any CPU
		{DCEA07D6-608E-4345-9FFA-90098B3C698D}.Release|Any CPU.Build.0 = Release|Any CPU
		{ADCA0F7F-2B31-4A41-B858-0E9DAB4F5DC8}.Debug|Any CPU.ActiveCfg = Debug|Any CPU
		{ADCA0F7F-2B31-4A41-B858-0E9DAB4F5DC8}.Debug|Any CPU.Build.0 = Debug|Any CPU
		{ADCA0F7F-2B31-4A41-B858-0E9DAB4F5DC8}.Release|Any CPU.ActiveCfg = Release|Any CPU
		{ADCA0F7F-2B31-4A41-B858-0E9DAB4F5DC8}.Release|Any CPU.Build.0 = Release|Any CPU
		{ECE6A90D-A197-4CB8-AE5B-A690F337CBEE}.Debug|Any CPU.ActiveCfg = Debug|Any CPU
		{ECE6A90D-A197-4CB8-AE5B-A690F337CBEE}.Debug|Any CPU.Build.0 = Debug|Any CPU
		{ECE6A90D-A197-4CB8-AE5B-A690F337CBEE}.Release|Any CPU.ActiveCfg = Release|Any CPU
		{ECE6A90D-A197-4CB8-AE5B-A690F337CBEE}.Release|Any CPU.Build.0 = Release|Any CPU
		{5326DC9D-78E3-4A67-A717-085CC0D806FE}.Debug|Any CPU.ActiveCfg = Debug|Any CPU
		{5326DC9D-78E3-4A67-A717-085CC0D806FE}.Debug|Any CPU.Build.0 = Debug|Any CPU
		{5326DC9D-78E3-4A67-A717-085CC0D806FE}.Release|Any CPU.ActiveCfg = Release|Any CPU
		{5326DC9D-78E3-4A67-A717-085CC0D806FE}.Release|Any CPU.Build.0 = Release|Any CPU
		{C641D8B9-B652-4395-B1BB-81C1E696D064}.Debug|Any CPU.ActiveCfg = Debug|Any CPU
		{C641D8B9-B652-4395-B1BB-81C1E696D064}.Debug|Any CPU.Build.0 = Debug|Any CPU
		{C641D8B9-B652-4395-B1BB-81C1E696D064}.Release|Any CPU.ActiveCfg = Release|Any CPU
		{C641D8B9-B652-4395-B1BB-81C1E696D064}.Release|Any CPU.Build.0 = Release|Any CPU
		{93F23EDC-B234-462C-80A7-165F7BEA0B00}.Debug|Any CPU.ActiveCfg = Debug|Any CPU
		{93F23EDC-B234-462C-80A7-165F7BEA0B00}.Debug|Any CPU.Build.0 = Debug|Any CPU
		{93F23EDC-B234-462C-80A7-165F7BEA0B00}.Release|Any CPU.ActiveCfg = Release|Any CPU
		{93F23EDC-B234-462C-80A7-165F7BEA0B00}.Release|Any CPU.Build.0 = Release|Any CPU
		{F70F4E99-5BBE-49E9-9DC0-4B8DB46C373E}.Debug|Any CPU.ActiveCfg = Debug|Any CPU
		{F70F4E99-5BBE-49E9-9DC0-4B8DB46C373E}.Debug|Any CPU.Build.0 = Debug|Any CPU
		{F70F4E99-5BBE-49E9-9DC0-4B8DB46C373E}.Release|Any CPU.ActiveCfg = Release|Any CPU
		{F70F4E99-5BBE-49E9-9DC0-4B8DB46C373E}.Release|Any CPU.Build.0 = Release|Any CPU
		{49664678-5398-4438-B7AA-050B34180604}.Debug|Any CPU.ActiveCfg = Debug|Any CPU
		{49664678-5398-4438-B7AA-050B34180604}.Debug|Any CPU.Build.0 = Debug|Any CPU
		{49664678-5398-4438-B7AA-050B34180604}.Release|Any CPU.ActiveCfg = Release|Any CPU
		{49664678-5398-4438-B7AA-050B34180604}.Release|Any CPU.Build.0 = Release|Any CPU
		{34DB4AFA-F5F2-4C85-910D-60196290132E}.Debug|Any CPU.ActiveCfg = Debug|Any CPU
		{34DB4AFA-F5F2-4C85-910D-60196290132E}.Debug|Any CPU.Build.0 = Debug|Any CPU
		{34DB4AFA-F5F2-4C85-910D-60196290132E}.Release|Any CPU.ActiveCfg = Release|Any CPU
		{34DB4AFA-F5F2-4C85-910D-60196290132E}.Release|Any CPU.Build.0 = Release|Any CPU
		{44F75FA8-8BD3-4A6C-8311-2C45558800A2}.Debug|Any CPU.ActiveCfg = Debug|Any CPU
		{44F75FA8-8BD3-4A6C-8311-2C45558800A2}.Debug|Any CPU.Build.0 = Debug|Any CPU
		{44F75FA8-8BD3-4A6C-8311-2C45558800A2}.Release|Any CPU.ActiveCfg = Release|Any CPU
		{44F75FA8-8BD3-4A6C-8311-2C45558800A2}.Release|Any CPU.Build.0 = Release|Any CPU
		{0046D3D0-F769-4713-A872-DB0FD6DE0B02}.Debug|Any CPU.ActiveCfg = Debug|Any CPU
		{0046D3D0-F769-4713-A872-DB0FD6DE0B02}.Debug|Any CPU.Build.0 = Debug|Any CPU
		{0046D3D0-F769-4713-A872-DB0FD6DE0B02}.Release|Any CPU.ActiveCfg = Release|Any CPU
		{0046D3D0-F769-4713-A872-DB0FD6DE0B02}.Release|Any CPU.Build.0 = Release|Any CPU
		{84FD87AA-0DEE-4E5B-BBC2-7B6015D26AE8}.Debug|Any CPU.ActiveCfg = Debug|Any CPU
		{84FD87AA-0DEE-4E5B-BBC2-7B6015D26AE8}.Debug|Any CPU.Build.0 = Debug|Any CPU
		{84FD87AA-0DEE-4E5B-BBC2-7B6015D26AE8}.Release|Any CPU.ActiveCfg = Release|Any CPU
		{84FD87AA-0DEE-4E5B-BBC2-7B6015D26AE8}.Release|Any CPU.Build.0 = Release|Any CPU
		{247058CF-2BE6-453E-9AA6-1CB8385B755C}.Debug|Any CPU.ActiveCfg = Debug|Any CPU
		{247058CF-2BE6-453E-9AA6-1CB8385B755C}.Debug|Any CPU.Build.0 = Debug|Any CPU
		{247058CF-2BE6-453E-9AA6-1CB8385B755C}.Release|Any CPU.ActiveCfg = Release|Any CPU
		{247058CF-2BE6-453E-9AA6-1CB8385B755C}.Release|Any CPU.Build.0 = Release|Any CPU
		{8D71A13C-54CE-4D7A-A3AA-BF8D2F63CCF4}.Debug|Any CPU.ActiveCfg = Debug|Any CPU
		{8D71A13C-54CE-4D7A-A3AA-BF8D2F63CCF4}.Debug|Any CPU.Build.0 = Debug|Any CPU
		{8D71A13C-54CE-4D7A-A3AA-BF8D2F63CCF4}.Release|Any CPU.ActiveCfg = Release|Any CPU
		{8D71A13C-54CE-4D7A-A3AA-BF8D2F63CCF4}.Release|Any CPU.Build.0 = Release|Any CPU
		{6DB13168-E586-4690-81A2-0E2AB9B51813}.Debug|Any CPU.ActiveCfg = Debug|Any CPU
		{6DB13168-E586-4690-81A2-0E2AB9B51813}.Debug|Any CPU.Build.0 = Debug|Any CPU
		{6DB13168-E586-4690-81A2-0E2AB9B51813}.Release|Any CPU.ActiveCfg = Release|Any CPU
		{6DB13168-E586-4690-81A2-0E2AB9B51813}.Release|Any CPU.Build.0 = Release|Any CPU
		{72222EE0-5EA0-422A-879D-794B745E35A5}.Debug|Any CPU.ActiveCfg = Debug|Any CPU
		{72222EE0-5EA0-422A-879D-794B745E35A5}.Debug|Any CPU.Build.0 = Debug|Any CPU
		{72222EE0-5EA0-422A-879D-794B745E35A5}.Release|Any CPU.ActiveCfg = Release|Any CPU
		{72222EE0-5EA0-422A-879D-794B745E35A5}.Release|Any CPU.Build.0 = Release|Any CPU
		{1526A183-0EE1-4384-A4AF-D4FE6C133DCD}.Debug|Any CPU.ActiveCfg = Debug|Any CPU
		{1526A183-0EE1-4384-A4AF-D4FE6C133DCD}.Debug|Any CPU.Build.0 = Debug|Any CPU
		{1526A183-0EE1-4384-A4AF-D4FE6C133DCD}.Release|Any CPU.ActiveCfg = Release|Any CPU
		{1526A183-0EE1-4384-A4AF-D4FE6C133DCD}.Release|Any CPU.Build.0 = Release|Any CPU
		{A1FDB89D-2583-4BB4-85C1-9A8832E9EA05}.Debug|Any CPU.ActiveCfg = Debug|Any CPU
		{A1FDB89D-2583-4BB4-85C1-9A8832E9EA05}.Debug|Any CPU.Build.0 = Debug|Any CPU
		{A1FDB89D-2583-4BB4-85C1-9A8832E9EA05}.Release|Any CPU.ActiveCfg = Release|Any CPU
		{A1FDB89D-2583-4BB4-85C1-9A8832E9EA05}.Release|Any CPU.Build.0 = Release|Any CPU
		{1B320CA6-6039-4427-80E8-7BB2E24FE4B6}.Debug|Any CPU.ActiveCfg = Debug|Any CPU
		{1B320CA6-6039-4427-80E8-7BB2E24FE4B6}.Debug|Any CPU.Build.0 = Debug|Any CPU
		{1B320CA6-6039-4427-80E8-7BB2E24FE4B6}.Release|Any CPU.ActiveCfg = Release|Any CPU
		{1B320CA6-6039-4427-80E8-7BB2E24FE4B6}.Release|Any CPU.Build.0 = Release|Any CPU
		{C5F09173-8F07-4F7E-AE32-78416AEED272}.Debug|Any CPU.ActiveCfg = Debug|Any CPU
		{C5F09173-8F07-4F7E-AE32-78416AEED272}.Debug|Any CPU.Build.0 = Debug|Any CPU
		{C5F09173-8F07-4F7E-AE32-78416AEED272}.Release|Any CPU.ActiveCfg = Release|Any CPU
		{C5F09173-8F07-4F7E-AE32-78416AEED272}.Release|Any CPU.Build.0 = Release|Any CPU
		{C4931D5D-F8D4-4427-AD62-257B9660A7CA}.Debug|Any CPU.ActiveCfg = Debug|Any CPU
		{C4931D5D-F8D4-4427-AD62-257B9660A7CA}.Debug|Any CPU.Build.0 = Debug|Any CPU
		{C4931D5D-F8D4-4427-AD62-257B9660A7CA}.Release|Any CPU.ActiveCfg = Release|Any CPU
		{C4931D5D-F8D4-4427-AD62-257B9660A7CA}.Release|Any CPU.Build.0 = Release|Any CPU
		{84AF5593-0BBA-4BEE-968D-0DC80313B453}.Debug|Any CPU.ActiveCfg = Debug|Any CPU
		{84AF5593-0BBA-4BEE-968D-0DC80313B453}.Debug|Any CPU.Build.0 = Debug|Any CPU
		{84AF5593-0BBA-4BEE-968D-0DC80313B453}.Release|Any CPU.ActiveCfg = Release|Any CPU
		{84AF5593-0BBA-4BEE-968D-0DC80313B453}.Release|Any CPU.Build.0 = Release|Any CPU
		{A84E7286-28A1-44E2-8785-E9F0BB3656AB}.Debug|Any CPU.ActiveCfg = Debug|Any CPU
		{A84E7286-28A1-44E2-8785-E9F0BB3656AB}.Debug|Any CPU.Build.0 = Debug|Any CPU
		{A84E7286-28A1-44E2-8785-E9F0BB3656AB}.Release|Any CPU.ActiveCfg = Release|Any CPU
		{A84E7286-28A1-44E2-8785-E9F0BB3656AB}.Release|Any CPU.Build.0 = Release|Any CPU
		{625355CC-30B8-44DE-B02B-C6C2628AA9AC}.Debug|Any CPU.ActiveCfg = Debug|Any CPU
		{625355CC-30B8-44DE-B02B-C6C2628AA9AC}.Debug|Any CPU.Build.0 = Debug|Any CPU
		{625355CC-30B8-44DE-B02B-C6C2628AA9AC}.Release|Any CPU.ActiveCfg = Release|Any CPU
		{625355CC-30B8-44DE-B02B-C6C2628AA9AC}.Release|Any CPU.Build.0 = Release|Any CPU
		{53AC312F-10E7-46D1-B276-30200FC27685}.Debug|Any CPU.ActiveCfg = Debug|Any CPU
		{53AC312F-10E7-46D1-B276-30200FC27685}.Debug|Any CPU.Build.0 = Debug|Any CPU
		{53AC312F-10E7-46D1-B276-30200FC27685}.Release|Any CPU.ActiveCfg = Release|Any CPU
		{53AC312F-10E7-46D1-B276-30200FC27685}.Release|Any CPU.Build.0 = Release|Any CPU
		{89727538-05B2-4185-AD3D-9FE63161773D}.Debug|Any CPU.ActiveCfg = Debug|Any CPU
		{89727538-05B2-4185-AD3D-9FE63161773D}.Debug|Any CPU.Build.0 = Debug|Any CPU
		{89727538-05B2-4185-AD3D-9FE63161773D}.Release|Any CPU.ActiveCfg = Release|Any CPU
		{89727538-05B2-4185-AD3D-9FE63161773D}.Release|Any CPU.Build.0 = Release|Any CPU
		{30BC47E7-9F6A-45CE-9151-BF1A1A45093B}.Debug|Any CPU.ActiveCfg = Debug|Any CPU
		{30BC47E7-9F6A-45CE-9151-BF1A1A45093B}.Debug|Any CPU.Build.0 = Debug|Any CPU
		{30BC47E7-9F6A-45CE-9151-BF1A1A45093B}.Release|Any CPU.ActiveCfg = Release|Any CPU
		{30BC47E7-9F6A-45CE-9151-BF1A1A45093B}.Release|Any CPU.Build.0 = Release|Any CPU
		{0FFD4751-6925-47EF-A963-57D083069DF8}.Debug|Any CPU.ActiveCfg = Debug|Any CPU
		{0FFD4751-6925-47EF-A963-57D083069DF8}.Debug|Any CPU.Build.0 = Debug|Any CPU
		{0FFD4751-6925-47EF-A963-57D083069DF8}.Release|Any CPU.ActiveCfg = Release|Any CPU
		{0FFD4751-6925-47EF-A963-57D083069DF8}.Release|Any CPU.Build.0 = Release|Any CPU
		{E2F5B774-1DE0-4F3B-A541-159FB590ABCA}.Debug|Any CPU.ActiveCfg = Debug|Any CPU
		{E2F5B774-1DE0-4F3B-A541-159FB590ABCA}.Debug|Any CPU.Build.0 = Debug|Any CPU
		{E2F5B774-1DE0-4F3B-A541-159FB590ABCA}.Release|Any CPU.ActiveCfg = Release|Any CPU
		{E2F5B774-1DE0-4F3B-A541-159FB590ABCA}.Release|Any CPU.Build.0 = Release|Any CPU
		{5EE1F75B-287B-4BF8-B5B5-88A298924A4C}.Debug|Any CPU.ActiveCfg = Debug|Any CPU
		{5EE1F75B-287B-4BF8-B5B5-88A298924A4C}.Debug|Any CPU.Build.0 = Debug|Any CPU
		{5EE1F75B-287B-4BF8-B5B5-88A298924A4C}.Release|Any CPU.ActiveCfg = Release|Any CPU
		{5EE1F75B-287B-4BF8-B5B5-88A298924A4C}.Release|Any CPU.Build.0 = Release|Any CPU
		{79F68D40-60EE-4271-826E-779A0AC4C686}.Debug|Any CPU.ActiveCfg = Debug|Any CPU
		{79F68D40-60EE-4271-826E-779A0AC4C686}.Debug|Any CPU.Build.0 = Debug|Any CPU
		{79F68D40-60EE-4271-826E-779A0AC4C686}.Release|Any CPU.ActiveCfg = Release|Any CPU
		{79F68D40-60EE-4271-826E-779A0AC4C686}.Release|Any CPU.Build.0 = Release|Any CPU
		{FAF6F294-4414-4840-9135-84A8AACF5CB5}.Debug|Any CPU.ActiveCfg = Debug|Any CPU
		{FAF6F294-4414-4840-9135-84A8AACF5CB5}.Debug|Any CPU.Build.0 = Debug|Any CPU
		{FAF6F294-4414-4840-9135-84A8AACF5CB5}.Release|Any CPU.ActiveCfg = Release|Any CPU
		{FAF6F294-4414-4840-9135-84A8AACF5CB5}.Release|Any CPU.Build.0 = Release|Any CPU
		{33E4069B-7EA9-47BB-9228-0827157F480D}.Debug|Any CPU.ActiveCfg = Debug|Any CPU
		{33E4069B-7EA9-47BB-9228-0827157F480D}.Debug|Any CPU.Build.0 = Debug|Any CPU
		{33E4069B-7EA9-47BB-9228-0827157F480D}.Release|Any CPU.ActiveCfg = Release|Any CPU
		{33E4069B-7EA9-47BB-9228-0827157F480D}.Release|Any CPU.Build.0 = Release|Any CPU
		{A7530F86-1E2C-4228-AC90-4C5C18AC1D6A}.Debug|Any CPU.ActiveCfg = Debug|Any CPU
		{A7530F86-1E2C-4228-AC90-4C5C18AC1D6A}.Debug|Any CPU.Build.0 = Debug|Any CPU
		{A7530F86-1E2C-4228-AC90-4C5C18AC1D6A}.Release|Any CPU.ActiveCfg = Release|Any CPU
		{A7530F86-1E2C-4228-AC90-4C5C18AC1D6A}.Release|Any CPU.Build.0 = Release|Any CPU
		{AE08081F-0C14-44D6-B995-5C4244EE5AFB}.Debug|Any CPU.ActiveCfg = Debug|Any CPU
		{AE08081F-0C14-44D6-B995-5C4244EE5AFB}.Debug|Any CPU.Build.0 = Debug|Any CPU
		{AE08081F-0C14-44D6-B995-5C4244EE5AFB}.Release|Any CPU.ActiveCfg = Release|Any CPU
		{AE08081F-0C14-44D6-B995-5C4244EE5AFB}.Release|Any CPU.Build.0 = Release|Any CPU
		{ED44D2D2-D829-4BB3-B8C3-EE1C95E600A0}.Debug|Any CPU.ActiveCfg = Debug|Any CPU
		{ED44D2D2-D829-4BB3-B8C3-EE1C95E600A0}.Debug|Any CPU.Build.0 = Debug|Any CPU
		{ED44D2D2-D829-4BB3-B8C3-EE1C95E600A0}.Release|Any CPU.ActiveCfg = Release|Any CPU
		{ED44D2D2-D829-4BB3-B8C3-EE1C95E600A0}.Release|Any CPU.Build.0 = Release|Any CPU
		{A1A2095C-F38C-4362-B1E5-0BCC2E4E4EC6}.Debug|Any CPU.ActiveCfg = Debug|Any CPU
		{A1A2095C-F38C-4362-B1E5-0BCC2E4E4EC6}.Debug|Any CPU.Build.0 = Debug|Any CPU
		{A1A2095C-F38C-4362-B1E5-0BCC2E4E4EC6}.Release|Any CPU.ActiveCfg = Release|Any CPU
		{A1A2095C-F38C-4362-B1E5-0BCC2E4E4EC6}.Release|Any CPU.Build.0 = Release|Any CPU
		{6AF8A14C-4B78-4F5D-A645-97BDF7716439}.Debug|Any CPU.ActiveCfg = Debug|Any CPU
		{6AF8A14C-4B78-4F5D-A645-97BDF7716439}.Debug|Any CPU.Build.0 = Debug|Any CPU
		{6AF8A14C-4B78-4F5D-A645-97BDF7716439}.Release|Any CPU.ActiveCfg = Release|Any CPU
		{6AF8A14C-4B78-4F5D-A645-97BDF7716439}.Release|Any CPU.Build.0 = Release|Any CPU
		{8D2EDBE9-0E30-4FB8-B0F4-58E049CAFC4C}.Debug|Any CPU.ActiveCfg = Debug|Any CPU
		{8D2EDBE9-0E30-4FB8-B0F4-58E049CAFC4C}.Debug|Any CPU.Build.0 = Debug|Any CPU
		{8D2EDBE9-0E30-4FB8-B0F4-58E049CAFC4C}.Release|Any CPU.ActiveCfg = Release|Any CPU
		{8D2EDBE9-0E30-4FB8-B0F4-58E049CAFC4C}.Release|Any CPU.Build.0 = Release|Any CPU
		{5B159BDD-D4C2-4069-86AE-EE4AF204D390}.Debug|Any CPU.ActiveCfg = Debug|Any CPU
		{5B159BDD-D4C2-4069-86AE-EE4AF204D390}.Debug|Any CPU.Build.0 = Debug|Any CPU
		{5B159BDD-D4C2-4069-86AE-EE4AF204D390}.Release|Any CPU.ActiveCfg = Release|Any CPU
		{5B159BDD-D4C2-4069-86AE-EE4AF204D390}.Release|Any CPU.Build.0 = Release|Any CPU
		{2FE1ACB7-CB44-4624-B739-80672DB63C94}.Debug|Any CPU.ActiveCfg = Debug|Any CPU
		{2FE1ACB7-CB44-4624-B739-80672DB63C94}.Debug|Any CPU.Build.0 = Debug|Any CPU
		{2FE1ACB7-CB44-4624-B739-80672DB63C94}.Release|Any CPU.ActiveCfg = Release|Any CPU
		{2FE1ACB7-CB44-4624-B739-80672DB63C94}.Release|Any CPU.Build.0 = Release|Any CPU
		{145D6310-5C91-4A5A-938C-7B4A71F46CEC}.Debug|Any CPU.ActiveCfg = Debug|Any CPU
		{145D6310-5C91-4A5A-938C-7B4A71F46CEC}.Debug|Any CPU.Build.0 = Debug|Any CPU
		{145D6310-5C91-4A5A-938C-7B4A71F46CEC}.Release|Any CPU.ActiveCfg = Release|Any CPU
		{145D6310-5C91-4A5A-938C-7B4A71F46CEC}.Release|Any CPU.Build.0 = Release|Any CPU
		{1BFFEF82-DBD5-4E53-B3D3-120CA6248407}.Debug|Any CPU.ActiveCfg = Debug|Any CPU
		{1BFFEF82-DBD5-4E53-B3D3-120CA6248407}.Debug|Any CPU.Build.0 = Debug|Any CPU
		{1BFFEF82-DBD5-4E53-B3D3-120CA6248407}.Release|Any CPU.ActiveCfg = Release|Any CPU
		{1BFFEF82-DBD5-4E53-B3D3-120CA6248407}.Release|Any CPU.Build.0 = Release|Any CPU
		{276F4BA9-C7FB-42C8-957A-B7B487961896}.Debug|Any CPU.ActiveCfg = Debug|Any CPU
		{276F4BA9-C7FB-42C8-957A-B7B487961896}.Debug|Any CPU.Build.0 = Debug|Any CPU
		{276F4BA9-C7FB-42C8-957A-B7B487961896}.Release|Any CPU.ActiveCfg = Release|Any CPU
		{276F4BA9-C7FB-42C8-957A-B7B487961896}.Release|Any CPU.Build.0 = Release|Any CPU
		{90C1CA30-4311-4F82-AC9F-7E470B728D73}.Debug|Any CPU.ActiveCfg = Debug|Any CPU
		{90C1CA30-4311-4F82-AC9F-7E470B728D73}.Debug|Any CPU.Build.0 = Debug|Any CPU
		{90C1CA30-4311-4F82-AC9F-7E470B728D73}.Release|Any CPU.ActiveCfg = Release|Any CPU
		{90C1CA30-4311-4F82-AC9F-7E470B728D73}.Release|Any CPU.Build.0 = Release|Any CPU
		{D4331963-E28E-4E28-8918-D8AC50E0030A}.Debug|Any CPU.ActiveCfg = Debug|Any CPU
		{D4331963-E28E-4E28-8918-D8AC50E0030A}.Debug|Any CPU.Build.0 = Debug|Any CPU
		{D4331963-E28E-4E28-8918-D8AC50E0030A}.Release|Any CPU.ActiveCfg = Release|Any CPU
		{D4331963-E28E-4E28-8918-D8AC50E0030A}.Release|Any CPU.Build.0 = Release|Any CPU
		{8BDB31E8-F39B-48BF-8CA6-0E8642C79955}.Debug|Any CPU.ActiveCfg = Debug|Any CPU
		{8BDB31E8-F39B-48BF-8CA6-0E8642C79955}.Debug|Any CPU.Build.0 = Debug|Any CPU
		{8BDB31E8-F39B-48BF-8CA6-0E8642C79955}.Release|Any CPU.ActiveCfg = Release|Any CPU
		{8BDB31E8-F39B-48BF-8CA6-0E8642C79955}.Release|Any CPU.Build.0 = Release|Any CPU
		{26715190-B446-42F7-A8D0-2CCEC14CDA2F}.Debug|Any CPU.ActiveCfg = Debug|Any CPU
		{26715190-B446-42F7-A8D0-2CCEC14CDA2F}.Debug|Any CPU.Build.0 = Debug|Any CPU
		{26715190-B446-42F7-A8D0-2CCEC14CDA2F}.Release|Any CPU.ActiveCfg = Release|Any CPU
		{26715190-B446-42F7-A8D0-2CCEC14CDA2F}.Release|Any CPU.Build.0 = Release|Any CPU
		{4496D630-0181-4E27-8B4E-B325587FE56C}.Debug|Any CPU.ActiveCfg = Debug|Any CPU
		{4496D630-0181-4E27-8B4E-B325587FE56C}.Debug|Any CPU.Build.0 = Debug|Any CPU
		{4496D630-0181-4E27-8B4E-B325587FE56C}.Release|Any CPU.ActiveCfg = Release|Any CPU
		{4496D630-0181-4E27-8B4E-B325587FE56C}.Release|Any CPU.Build.0 = Release|Any CPU
		{E99DAC82-019B-4D29-9161-BEF7C6572ABE}.Debug|Any CPU.ActiveCfg = Debug|Any CPU
		{E99DAC82-019B-4D29-9161-BEF7C6572ABE}.Debug|Any CPU.Build.0 = Debug|Any CPU
		{E99DAC82-019B-4D29-9161-BEF7C6572ABE}.Release|Any CPU.ActiveCfg = Release|Any CPU
		{E99DAC82-019B-4D29-9161-BEF7C6572ABE}.Release|Any CPU.Build.0 = Release|Any CPU
		{42AC9CB5-D042-4F44-9E83-4DC1C67AF2D4}.Debug|Any CPU.ActiveCfg = Debug|Any CPU
		{42AC9CB5-D042-4F44-9E83-4DC1C67AF2D4}.Debug|Any CPU.Build.0 = Debug|Any CPU
		{42AC9CB5-D042-4F44-9E83-4DC1C67AF2D4}.Release|Any CPU.ActiveCfg = Release|Any CPU
		{42AC9CB5-D042-4F44-9E83-4DC1C67AF2D4}.Release|Any CPU.Build.0 = Release|Any CPU
		{5A42AB4B-8B81-4B4F-B9A0-7365A4C01B2C}.Debug|Any CPU.ActiveCfg = Debug|Any CPU
		{5A42AB4B-8B81-4B4F-B9A0-7365A4C01B2C}.Debug|Any CPU.Build.0 = Debug|Any CPU
		{5A42AB4B-8B81-4B4F-B9A0-7365A4C01B2C}.Release|Any CPU.ActiveCfg = Release|Any CPU
		{5A42AB4B-8B81-4B4F-B9A0-7365A4C01B2C}.Release|Any CPU.Build.0 = Release|Any CPU
		{BD1160F0-036A-48C5-A99F-B83DB05D0CFD}.Debug|Any CPU.ActiveCfg = Debug|Any CPU
		{BD1160F0-036A-48C5-A99F-B83DB05D0CFD}.Debug|Any CPU.Build.0 = Debug|Any CPU
		{BD1160F0-036A-48C5-A99F-B83DB05D0CFD}.Release|Any CPU.ActiveCfg = Release|Any CPU
		{BD1160F0-036A-48C5-A99F-B83DB05D0CFD}.Release|Any CPU.Build.0 = Release|Any CPU
		{9F35CE44-E198-4D6D-8CE4-8ACE3350E194}.Debug|Any CPU.ActiveCfg = Debug|Any CPU
		{9F35CE44-E198-4D6D-8CE4-8ACE3350E194}.Debug|Any CPU.Build.0 = Debug|Any CPU
		{9F35CE44-E198-4D6D-8CE4-8ACE3350E194}.Release|Any CPU.ActiveCfg = Release|Any CPU
		{9F35CE44-E198-4D6D-8CE4-8ACE3350E194}.Release|Any CPU.Build.0 = Release|Any CPU
		{87ED4243-9EF8-4763-B395-4006AE82544A}.Debug|Any CPU.ActiveCfg = Debug|Any CPU
		{87ED4243-9EF8-4763-B395-4006AE82544A}.Debug|Any CPU.Build.0 = Debug|Any CPU
		{87ED4243-9EF8-4763-B395-4006AE82544A}.Release|Any CPU.ActiveCfg = Release|Any CPU
		{87ED4243-9EF8-4763-B395-4006AE82544A}.Release|Any CPU.Build.0 = Release|Any CPU
		{8F392ACE-C8E7-430D-A573-DCDB99065375}.Debug|Any CPU.ActiveCfg = Debug|Any CPU
		{8F392ACE-C8E7-430D-A573-DCDB99065375}.Debug|Any CPU.Build.0 = Debug|Any CPU
		{8F392ACE-C8E7-430D-A573-DCDB99065375}.Release|Any CPU.ActiveCfg = Release|Any CPU
		{8F392ACE-C8E7-430D-A573-DCDB99065375}.Release|Any CPU.Build.0 = Release|Any CPU
		{8E469FC1-7841-42FF-8BCC-89DE28E8860A}.Debug|Any CPU.ActiveCfg = Debug|Any CPU
		{8E469FC1-7841-42FF-8BCC-89DE28E8860A}.Debug|Any CPU.Build.0 = Debug|Any CPU
		{8E469FC1-7841-42FF-8BCC-89DE28E8860A}.Release|Any CPU.ActiveCfg = Release|Any CPU
		{8E469FC1-7841-42FF-8BCC-89DE28E8860A}.Release|Any CPU.Build.0 = Release|Any CPU
		{C0498A90-5573-4FD8-9534-81521F1A9131}.Debug|Any CPU.ActiveCfg = Debug|Any CPU
		{C0498A90-5573-4FD8-9534-81521F1A9131}.Debug|Any CPU.Build.0 = Debug|Any CPU
		{C0498A90-5573-4FD8-9534-81521F1A9131}.Release|Any CPU.ActiveCfg = Release|Any CPU
		{C0498A90-5573-4FD8-9534-81521F1A9131}.Release|Any CPU.Build.0 = Release|Any CPU
		{777C69FF-F839-4F8E-888C-CFA1FF9AC595}.Debug|Any CPU.ActiveCfg = Debug|Any CPU
		{777C69FF-F839-4F8E-888C-CFA1FF9AC595}.Debug|Any CPU.Build.0 = Debug|Any CPU
		{777C69FF-F839-4F8E-888C-CFA1FF9AC595}.Release|Any CPU.ActiveCfg = Release|Any CPU
		{777C69FF-F839-4F8E-888C-CFA1FF9AC595}.Release|Any CPU.Build.0 = Release|Any CPU
		{E4250D9D-6604-4688-9CDE-702504B987DC}.Debug|Any CPU.ActiveCfg = Debug|Any CPU
		{E4250D9D-6604-4688-9CDE-702504B987DC}.Debug|Any CPU.Build.0 = Debug|Any CPU
		{E4250D9D-6604-4688-9CDE-702504B987DC}.Release|Any CPU.ActiveCfg = Release|Any CPU
		{E4250D9D-6604-4688-9CDE-702504B987DC}.Release|Any CPU.Build.0 = Release|Any CPU
		{B417D438-3F96-4905-85F0-E2830DC3A599}.Debug|Any CPU.ActiveCfg = Debug|Any CPU
		{B417D438-3F96-4905-85F0-E2830DC3A599}.Debug|Any CPU.Build.0 = Debug|Any CPU
		{B417D438-3F96-4905-85F0-E2830DC3A599}.Release|Any CPU.ActiveCfg = Release|Any CPU
		{B417D438-3F96-4905-85F0-E2830DC3A599}.Release|Any CPU.Build.0 = Release|Any CPU
		{84AC2DAC-118B-414A-8493-5519687E7B98}.Debug|Any CPU.ActiveCfg = Debug|Any CPU
		{84AC2DAC-118B-414A-8493-5519687E7B98}.Debug|Any CPU.Build.0 = Debug|Any CPU
		{84AC2DAC-118B-414A-8493-5519687E7B98}.Release|Any CPU.ActiveCfg = Release|Any CPU
		{84AC2DAC-118B-414A-8493-5519687E7B98}.Release|Any CPU.Build.0 = Release|Any CPU
		{30C38572-D4D0-483E-9298-75AFEC4352E6}.Debug|Any CPU.ActiveCfg = Debug|Any CPU
		{30C38572-D4D0-483E-9298-75AFEC4352E6}.Debug|Any CPU.Build.0 = Debug|Any CPU
		{30C38572-D4D0-483E-9298-75AFEC4352E6}.Release|Any CPU.ActiveCfg = Release|Any CPU
		{30C38572-D4D0-483E-9298-75AFEC4352E6}.Release|Any CPU.Build.0 = Release|Any CPU
		{89D60848-D641-45C0-BE55-812AEAD88779}.Debug|Any CPU.ActiveCfg = Debug|Any CPU
		{89D60848-D641-45C0-BE55-812AEAD88779}.Debug|Any CPU.Build.0 = Debug|Any CPU
		{89D60848-D641-45C0-BE55-812AEAD88779}.Release|Any CPU.ActiveCfg = Release|Any CPU
		{89D60848-D641-45C0-BE55-812AEAD88779}.Release|Any CPU.Build.0 = Release|Any CPU
	EndGlobalSection
	GlobalSection(SolutionProperties) = preSolution
		HideSolutionNode = FALSE
	EndGlobalSection
	GlobalSection(NestedProjects) = preSolution
		{AA27A97F-0334-4846-8A27-3E158B36C48D} = {A914729C-4E6E-4442-AA18-6FC1711FB422}
		{C5F09173-8F07-4F7E-AE32-78416AEED272} = {AA27A97F-0334-4846-8A27-3E158B36C48D}
	EndGlobalSection
	GlobalSection(ExtensibilityGlobals) = postSolution
		SolutionGuid = {AD1EA922-271E-4C3C-AEB1-8451343A5208}
	EndGlobalSection
EndGlobal
